// !$*UTF8*$!
{
	archiveVersion = 1;
	classes = {
	};
	objectVersion = 46;
	objects = {

/* Begin PBXBuildFile section */
		BFEC556115488A1500E3E988 /* UIKit.framework in Frameworks */ = {isa = PBXBuildFile; fileRef = BFEC556015488A1500E3E988 /* UIKit.framework */; };
		BFEC556315488A1500E3E988 /* Foundation.framework in Frameworks */ = {isa = PBXBuildFile; fileRef = BFEC556215488A1500E3E988 /* Foundation.framework */; };
		BFEC556515488A1500E3E988 /* CoreGraphics.framework in Frameworks */ = {isa = PBXBuildFile; fileRef = BFEC556415488A1500E3E988 /* CoreGraphics.framework */; };
		BFEC556B15488A1500E3E988 /* InfoPlist.strings in Resources */ = {isa = PBXBuildFile; fileRef = BFEC556915488A1500E3E988 /* InfoPlist.strings */; };
		BFEC556D15488A1500E3E988 /* main.m in Sources */ = {isa = PBXBuildFile; fileRef = BFEC556C15488A1500E3E988 /* main.m */; };
		BFEC557115488A1500E3E988 /* MSWAppDelegate.m in Sources */ = {isa = PBXBuildFile; fileRef = BFEC557015488A1500E3E988 /* MSWAppDelegate.m */; };
		BFEC557415488A1500E3E988 /* MainStoryboard_iPhone.storyboard in Resources */ = {isa = PBXBuildFile; fileRef = BFEC557215488A1500E3E988 /* MainStoryboard_iPhone.storyboard */; };
		BFEC557715488A1600E3E988 /* MainStoryboard_iPad.storyboard in Resources */ = {isa = PBXBuildFile; fileRef = BFEC557515488A1600E3E988 /* MainStoryboard_iPad.storyboard */; };
		BFEC557A15488A1600E3E988 /* MSWFirstViewController.m in Sources */ = {isa = PBXBuildFile; fileRef = BFEC557915488A1600E3E988 /* MSWFirstViewController.m */; };
		BFEC557C15488A1600E3E988 /* first.png in Resources */ = {isa = PBXBuildFile; fileRef = BFEC557B15488A1600E3E988 /* first.png */; };
		BFEC557E15488A1600E3E988 /* first@2x.png in Resources */ = {isa = PBXBuildFile; fileRef = BFEC557D15488A1600E3E988 /* first@2x.png */; };
		BFEC558115488A1600E3E988 /* MSWSecondViewController.m in Sources */ = {isa = PBXBuildFile; fileRef = BFEC558015488A1600E3E988 /* MSWSecondViewController.m */; };
		BFEC558315488A1600E3E988 /* second.png in Resources */ = {isa = PBXBuildFile; fileRef = BFEC558215488A1600E3E988 /* second.png */; };
		BFEC558515488A1600E3E988 /* second@2x.png in Resources */ = {isa = PBXBuildFile; fileRef = BFEC558415488A1600E3E988 /* second@2x.png */; };
		BFEC5595154897D900E3E988 /* iPhone-icon-lowres.png in Resources */ = {isa = PBXBuildFile; fileRef = BFEC5594154897D900E3E988 /* iPhone-icon-lowres.png */; };
		BFEC5597154897E100E3E988 /* iphone-icon-highres.png in Resources */ = {isa = PBXBuildFile; fileRef = BFEC5596154897E100E3E988 /* iphone-icon-highres.png */; };
		BFEC5599154897EB00E3E988 /* ipad-icon-lowres.png in Resources */ = {isa = PBXBuildFile; fileRef = BFEC5598154897EB00E3E988 /* ipad-icon-lowres.png */; };
		BFEC559B154897EF00E3E988 /* ipad-icon-highres.png in Resources */ = {isa = PBXBuildFile; fileRef = BFEC559A154897EF00E3E988 /* ipad-icon-highres.png */; };
		BFEC55A5154899EC00E3E988 /* Default@2x.png in Resources */ = {isa = PBXBuildFile; fileRef = BFEC55A4154899EC00E3E988 /* Default@2x.png */; };
		BFEC55A7154899F400E3E988 /* Default.png in Resources */ = {isa = PBXBuildFile; fileRef = BFEC55A6154899F400E3E988 /* Default.png */; };
		BFEC55B115489EBF00E3E988 /* Default-Landscape~ipad.png in Resources */ = {isa = PBXBuildFile; fileRef = BFEC55B015489EBF00E3E988 /* Default-Landscape~ipad.png */; };
		BFEC55B315489EC500E3E988 /* Default-Landscape@2x~ipad.png in Resources */ = {isa = PBXBuildFile; fileRef = BFEC55B215489EC500E3E988 /* Default-Landscape@2x~ipad.png */; };
		BFEC55B515489ECB00E3E988 /* Default-Portrait@2x~ipad.png in Resources */ = {isa = PBXBuildFile; fileRef = BFEC55B415489ECB00E3E988 /* Default-Portrait@2x~ipad.png */; };
		BFEC55B715489ED200E3E988 /* Default-Portrait~ipad.png in Resources */ = {isa = PBXBuildFile; fileRef = BFEC55B615489ED200E3E988 /* Default-Portrait~ipad.png */; };
		BFEC55E91548A26700E3E988 /* iphone-background.png in Resources */ = {isa = PBXBuildFile; fileRef = BFEC55E81548A26700E3E988 /* iphone-background.png */; };
		BFEC55F41548B3DF00E3E988 /* MSWLoginTableViewController.m in Sources */ = {isa = PBXBuildFile; fileRef = BFEC55F31548B3DF00E3E988 /* MSWLoginTableViewController.m */; };
		BFEC55FA1548B91E00E3E988 /* Mobile.png in Resources */ = {isa = PBXBuildFile; fileRef = BFEC55F91548B91E00E3E988 /* Mobile.png */; };
		BFEC56001548BA8100E3E988 /* Title.png in Resources */ = {isa = PBXBuildFile; fileRef = BFEC55FF1548BA8100E3E988 /* Title.png */; };
/* End PBXBuildFile section */

/* Begin PBXFileReference section */
		BFEC555C15488A1500E3E988 /* MySinglesWard.app */ = {isa = PBXFileReference; explicitFileType = wrapper.application; includeInIndex = 0; path = MySinglesWard.app; sourceTree = BUILT_PRODUCTS_DIR; };
		BFEC556015488A1500E3E988 /* UIKit.framework */ = {isa = PBXFileReference; lastKnownFileType = wrapper.framework; name = UIKit.framework; path = System/Library/Frameworks/UIKit.framework; sourceTree = SDKROOT; };
		BFEC556215488A1500E3E988 /* Foundation.framework */ = {isa = PBXFileReference; lastKnownFileType = wrapper.framework; name = Foundation.framework; path = System/Library/Frameworks/Foundation.framework; sourceTree = SDKROOT; };
		BFEC556415488A1500E3E988 /* CoreGraphics.framework */ = {isa = PBXFileReference; lastKnownFileType = wrapper.framework; name = CoreGraphics.framework; path = System/Library/Frameworks/CoreGraphics.framework; sourceTree = SDKROOT; };
		BFEC556815488A1500E3E988 /* MySinglesWard-Info.plist */ = {isa = PBXFileReference; lastKnownFileType = text.plist.xml; path = "MySinglesWard-Info.plist"; sourceTree = "<group>"; };
		BFEC556A15488A1500E3E988 /* en */ = {isa = PBXFileReference; lastKnownFileType = text.plist.strings; name = en; path = en.lproj/InfoPlist.strings; sourceTree = "<group>"; };
		BFEC556C15488A1500E3E988 /* main.m */ = {isa = PBXFileReference; lastKnownFileType = sourcecode.c.objc; path = main.m; sourceTree = "<group>"; };
		BFEC556E15488A1500E3E988 /* MySinglesWard-Prefix.pch */ = {isa = PBXFileReference; lastKnownFileType = sourcecode.c.h; path = "MySinglesWard-Prefix.pch"; sourceTree = "<group>"; };
		BFEC556F15488A1500E3E988 /* MSWAppDelegate.h */ = {isa = PBXFileReference; lastKnownFileType = sourcecode.c.h; path = MSWAppDelegate.h; sourceTree = "<group>"; };
		BFEC557015488A1500E3E988 /* MSWAppDelegate.m */ = {isa = PBXFileReference; lastKnownFileType = sourcecode.c.objc; path = MSWAppDelegate.m; sourceTree = "<group>"; };
		BFEC557315488A1500E3E988 /* en */ = {isa = PBXFileReference; lastKnownFileType = file.storyboard; name = en; path = en.lproj/MainStoryboard_iPhone.storyboard; sourceTree = "<group>"; };
		BFEC557615488A1600E3E988 /* en */ = {isa = PBXFileReference; lastKnownFileType = file.storyboard; name = en; path = en.lproj/MainStoryboard_iPad.storyboard; sourceTree = "<group>"; };
		BFEC557815488A1600E3E988 /* MSWFirstViewController.h */ = {isa = PBXFileReference; lastKnownFileType = sourcecode.c.h; path = MSWFirstViewController.h; sourceTree = "<group>"; };
		BFEC557915488A1600E3E988 /* MSWFirstViewController.m */ = {isa = PBXFileReference; lastKnownFileType = sourcecode.c.objc; path = MSWFirstViewController.m; sourceTree = "<group>"; };
		BFEC557B15488A1600E3E988 /* first.png */ = {isa = PBXFileReference; lastKnownFileType = image.png; path = first.png; sourceTree = "<group>"; };
		BFEC557D15488A1600E3E988 /* first@2x.png */ = {isa = PBXFileReference; lastKnownFileType = image.png; path = "first@2x.png"; sourceTree = "<group>"; };
		BFEC557F15488A1600E3E988 /* MSWSecondViewController.h */ = {isa = PBXFileReference; lastKnownFileType = sourcecode.c.h; path = MSWSecondViewController.h; sourceTree = "<group>"; };
		BFEC558015488A1600E3E988 /* MSWSecondViewController.m */ = {isa = PBXFileReference; lastKnownFileType = sourcecode.c.objc; path = MSWSecondViewController.m; sourceTree = "<group>"; };
		BFEC558215488A1600E3E988 /* second.png */ = {isa = PBXFileReference; lastKnownFileType = image.png; path = second.png; sourceTree = "<group>"; };
		BFEC558415488A1600E3E988 /* second@2x.png */ = {isa = PBXFileReference; lastKnownFileType = image.png; path = "second@2x.png"; sourceTree = "<group>"; };
		BFEC5594154897D900E3E988 /* iPhone-icon-lowres.png */ = {isa = PBXFileReference; lastKnownFileType = image.png; path = "iPhone-icon-lowres.png"; sourceTree = "<group>"; };
		BFEC5596154897E100E3E988 /* iphone-icon-highres.png */ = {isa = PBXFileReference; lastKnownFileType = image.png; path = "iphone-icon-highres.png"; sourceTree = "<group>"; };
		BFEC5598154897EB00E3E988 /* ipad-icon-lowres.png */ = {isa = PBXFileReference; lastKnownFileType = image.png; path = "ipad-icon-lowres.png"; sourceTree = "<group>"; };
		BFEC559A154897EF00E3E988 /* ipad-icon-highres.png */ = {isa = PBXFileReference; lastKnownFileType = image.png; path = "ipad-icon-highres.png"; sourceTree = "<group>"; };
		BFEC55A4154899EC00E3E988 /* Default@2x.png */ = {isa = PBXFileReference; lastKnownFileType = image.png; path = "Default@2x.png"; sourceTree = "<group>"; };
		BFEC55A6154899F400E3E988 /* Default.png */ = {isa = PBXFileReference; lastKnownFileType = image.png; path = Default.png; sourceTree = "<group>"; };
		BFEC55B015489EBF00E3E988 /* Default-Landscape~ipad.png */ = {isa = PBXFileReference; lastKnownFileType = image.png; path = "Default-Landscape~ipad.png"; sourceTree = "<group>"; };
		BFEC55B215489EC500E3E988 /* Default-Landscape@2x~ipad.png */ = {isa = PBXFileReference; lastKnownFileType = image.png; path = "Default-Landscape@2x~ipad.png"; sourceTree = "<group>"; };
		BFEC55B415489ECB00E3E988 /* Default-Portrait@2x~ipad.png */ = {isa = PBXFileReference; lastKnownFileType = image.png; path = "Default-Portrait@2x~ipad.png"; sourceTree = "<group>"; };
		BFEC55B615489ED200E3E988 /* Default-Portrait~ipad.png */ = {isa = PBXFileReference; lastKnownFileType = image.png; path = "Default-Portrait~ipad.png"; sourceTree = "<group>"; };
		BFEC55E81548A26700E3E988 /* iphone-background.png */ = {isa = PBXFileReference; lastKnownFileType = image.png; path = "iphone-background.png"; sourceTree = "<group>"; };
		BFEC55F21548B3DF00E3E988 /* MSWLoginTableViewController.h */ = {isa = PBXFileReference; fileEncoding = 4; lastKnownFileType = sourcecode.c.h; path = MSWLoginTableViewController.h; sourceTree = "<group>"; };
		BFEC55F31548B3DF00E3E988 /* MSWLoginTableViewController.m */ = {isa = PBXFileReference; fileEncoding = 4; lastKnownFileType = sourcecode.c.objc; path = MSWLoginTableViewController.m; sourceTree = "<group>"; };
		BFEC55F91548B91E00E3E988 /* Mobile.png */ = {isa = PBXFileReference; lastKnownFileType = image.png; path = Mobile.png; sourceTree = "<group>"; };
		BFEC55FF1548BA8100E3E988 /* Title.png */ = {isa = PBXFileReference; lastKnownFileType = image.png; path = Title.png; sourceTree = "<group>"; };
/* End PBXFileReference section */

/* Begin PBXFrameworksBuildPhase section */
		BFEC555915488A1500E3E988 /* Frameworks */ = {
			isa = PBXFrameworksBuildPhase;
			buildActionMask = 2147483647;
			files = (
				BFEC556115488A1500E3E988 /* UIKit.framework in Frameworks */,
				BFEC556315488A1500E3E988 /* Foundation.framework in Frameworks */,
				BFEC556515488A1500E3E988 /* CoreGraphics.framework in Frameworks */,
			);
			runOnlyForDeploymentPostprocessing = 0;
		};
/* End PBXFrameworksBuildPhase section */

/* Begin PBXGroup section */
		BFEC555115488A1500E3E988 = {
			isa = PBXGroup;
			children = (
				BFEC55B615489ED200E3E988 /* Default-Portrait~ipad.png */,
				BFEC55B415489ECB00E3E988 /* Default-Portrait@2x~ipad.png */,
				BFEC55B215489EC500E3E988 /* Default-Landscape@2x~ipad.png */,
				BFEC55B015489EBF00E3E988 /* Default-Landscape~ipad.png */,
				BFEC55A6154899F400E3E988 /* Default.png */,
				BFEC55A4154899EC00E3E988 /* Default@2x.png */,
				BFEC559A154897EF00E3E988 /* ipad-icon-highres.png */,
				BFEC5598154897EB00E3E988 /* ipad-icon-lowres.png */,
				BFEC5596154897E100E3E988 /* iphone-icon-highres.png */,
				BFEC5594154897D900E3E988 /* iPhone-icon-lowres.png */,
				BFEC556615488A1500E3E988 /* MySinglesWard */,
				BFEC555F15488A1500E3E988 /* Frameworks */,
				BFEC555D15488A1500E3E988 /* Products */,
				BFEC558B154896FF00E3E988 /* Resources */,
			);
			sourceTree = "<group>";
		};
		BFEC555D15488A1500E3E988 /* Products */ = {
			isa = PBXGroup;
			children = (
				BFEC555C15488A1500E3E988 /* MySinglesWard.app */,
			);
			name = Products;
			sourceTree = "<group>";
		};
		BFEC555F15488A1500E3E988 /* Frameworks */ = {
			isa = PBXGroup;
			children = (
				BFEC556015488A1500E3E988 /* UIKit.framework */,
				BFEC556215488A1500E3E988 /* Foundation.framework */,
				BFEC556415488A1500E3E988 /* CoreGraphics.framework */,
			);
			name = Frameworks;
			sourceTree = "<group>";
		};
		BFEC556615488A1500E3E988 /* MySinglesWard */ = {
			isa = PBXGroup;
			children = (
				BFEC556F15488A1500E3E988 /* MSWAppDelegate.h */,
				BFEC557015488A1500E3E988 /* MSWAppDelegate.m */,
				BFEC557215488A1500E3E988 /* MainStoryboard_iPhone.storyboard */,
				BFEC55F21548B3DF00E3E988 /* MSWLoginTableViewController.h */,
				BFEC55F31548B3DF00E3E988 /* MSWLoginTableViewController.m */,
				BFEC557515488A1600E3E988 /* MainStoryboard_iPad.storyboard */,
				BFEC557815488A1600E3E988 /* MSWFirstViewController.h */,
				BFEC557915488A1600E3E988 /* MSWFirstViewController.m */,
				BFEC557B15488A1600E3E988 /* first.png */,
				BFEC557D15488A1600E3E988 /* first@2x.png */,
				BFEC557F15488A1600E3E988 /* MSWSecondViewController.h */,
				BFEC558015488A1600E3E988 /* MSWSecondViewController.m */,
				BFEC558215488A1600E3E988 /* second.png */,
				BFEC558415488A1600E3E988 /* second@2x.png */,
				BFEC556715488A1500E3E988 /* Supporting Files */,
			);
			path = MySinglesWard;
			sourceTree = "<group>";
		};
		BFEC556715488A1500E3E988 /* Supporting Files */ = {
			isa = PBXGroup;
			children = (
				BFEC556815488A1500E3E988 /* MySinglesWard-Info.plist */,
				BFEC556915488A1500E3E988 /* InfoPlist.strings */,
				BFEC556C15488A1500E3E988 /* main.m */,
				BFEC556E15488A1500E3E988 /* MySinglesWard-Prefix.pch */,
			);
			name = "Supporting Files";
			sourceTree = "<group>";
		};
		BFEC558B154896FF00E3E988 /* Resources */ = {
			isa = PBXGroup;
			children = (
				BFEC55FF1548BA8100E3E988 /* Title.png */,
				BFEC55F91548B91E00E3E988 /* Mobile.png */,
				BFEC55E81548A26700E3E988 /* iphone-background.png */,
			);
			name = Resources;
			sourceTree = "<group>";
		};
/* End PBXGroup section */

/* Begin PBXNativeTarget section */
		BFEC555B15488A1500E3E988 /* MySinglesWard */ = {
			isa = PBXNativeTarget;
			buildConfigurationList = BFEC558815488A1600E3E988 /* Build configuration list for PBXNativeTarget "MySinglesWard" */;
			buildPhases = (
				BFEC555815488A1500E3E988 /* Sources */,
				BFEC555915488A1500E3E988 /* Frameworks */,
				BFEC555A15488A1500E3E988 /* Resources */,
			);
			buildRules = (
			);
			dependencies = (
			);
			name = MySinglesWard;
			productName = MySinglesWard;
			productReference = BFEC555C15488A1500E3E988 /* MySinglesWard.app */;
			productType = "com.apple.product-type.application";
		};
/* End PBXNativeTarget section */

/* Begin PBXProject section */
		BFEC555315488A1500E3E988 /* Project object */ = {
			isa = PBXProject;
			attributes = {
				CLASSPREFIX = MSW;
				LastUpgradeCheck = 0430;
			};
			buildConfigurationList = BFEC555615488A1500E3E988 /* Build configuration list for PBXProject "MySinglesWard" */;
			compatibilityVersion = "Xcode 3.2";
			developmentRegion = English;
			hasScannedForEncodings = 0;
			knownRegions = (
				en,
			);
			mainGroup = BFEC555115488A1500E3E988;
			productRefGroup = BFEC555D15488A1500E3E988 /* Products */;
			projectDirPath = "";
			projectRoot = "";
			targets = (
				BFEC555B15488A1500E3E988 /* MySinglesWard */,
			);
		};
/* End PBXProject section */

/* Begin PBXResourcesBuildPhase section */
		BFEC555A15488A1500E3E988 /* Resources */ = {
			isa = PBXResourcesBuildPhase;
			buildActionMask = 2147483647;
			files = (
				BFEC556B15488A1500E3E988 /* InfoPlist.strings in Resources */,
				BFEC557415488A1500E3E988 /* MainStoryboard_iPhone.storyboard in Resources */,
				BFEC557715488A1600E3E988 /* MainStoryboard_iPad.storyboard in Resources */,
				BFEC557C15488A1600E3E988 /* first.png in Resources */,
				BFEC557E15488A1600E3E988 /* first@2x.png in Resources */,
				BFEC558315488A1600E3E988 /* second.png in Resources */,
				BFEC558515488A1600E3E988 /* second@2x.png in Resources */,
				BFEC5595154897D900E3E988 /* iPhone-icon-lowres.png in Resources */,
				BFEC5597154897E100E3E988 /* iphone-icon-highres.png in Resources */,
				BFEC5599154897EB00E3E988 /* ipad-icon-lowres.png in Resources */,
				BFEC559B154897EF00E3E988 /* ipad-icon-highres.png in Resources */,
				BFEC55A5154899EC00E3E988 /* Default@2x.png in Resources */,
				BFEC55A7154899F400E3E988 /* Default.png in Resources */,
				BFEC55B115489EBF00E3E988 /* Default-Landscape~ipad.png in Resources */,
				BFEC55B315489EC500E3E988 /* Default-Landscape@2x~ipad.png in Resources */,
				BFEC55B515489ECB00E3E988 /* Default-Portrait@2x~ipad.png in Resources */,
				BFEC55B715489ED200E3E988 /* Default-Portrait~ipad.png in Resources */,
				BFEC55E91548A26700E3E988 /* iphone-background.png in Resources */,
				BFEC55FA1548B91E00E3E988 /* Mobile.png in Resources */,
				BFEC56001548BA8100E3E988 /* Title.png in Resources */,
			);
			runOnlyForDeploymentPostprocessing = 0;
		};
/* End PBXResourcesBuildPhase section */

/* Begin PBXSourcesBuildPhase section */
		BFEC555815488A1500E3E988 /* Sources */ = {
			isa = PBXSourcesBuildPhase;
			buildActionMask = 2147483647;
			files = (
				BFEC556D15488A1500E3E988 /* main.m in Sources */,
				BFEC557115488A1500E3E988 /* MSWAppDelegate.m in Sources */,
				BFEC557A15488A1600E3E988 /* MSWFirstViewController.m in Sources */,
				BFEC558115488A1600E3E988 /* MSWSecondViewController.m in Sources */,
				BFEC55F41548B3DF00E3E988 /* MSWLoginTableViewController.m in Sources */,
			);
			runOnlyForDeploymentPostprocessing = 0;
		};
/* End PBXSourcesBuildPhase section */

/* Begin PBXVariantGroup section */
		BFEC556915488A1500E3E988 /* InfoPlist.strings */ = {
			isa = PBXVariantGroup;
			children = (
				BFEC556A15488A1500E3E988 /* en */,
			);
			name = InfoPlist.strings;
			sourceTree = "<group>";
		};
		BFEC557215488A1500E3E988 /* MainStoryboard_iPhone.storyboard */ = {
			isa = PBXVariantGroup;
			children = (
				BFEC557315488A1500E3E988 /* en */,
			);
			name = MainStoryboard_iPhone.storyboard;
			sourceTree = "<group>";
		};
		BFEC557515488A1600E3E988 /* MainStoryboard_iPad.storyboard */ = {
			isa = PBXVariantGroup;
			children = (
				BFEC557615488A1600E3E988 /* en */,
			);
			name = MainStoryboard_iPad.storyboard;
			sourceTree = "<group>";
		};
/* End PBXVariantGroup section */

/* Begin XCBuildConfiguration section */
		BFEC558615488A1600E3E988 /* Debug */ = {
			isa = XCBuildConfiguration;
			buildSettings = {
				ALWAYS_SEARCH_USER_PATHS = NO;
				ARCHS = "$(ARCHS_STANDARD_32_BIT)";
				CLANG_ENABLE_OBJC_ARC = YES;
				"CODE_SIGN_IDENTITY[sdk=iphoneos*]" = "iPhone Developer";
				COPY_PHASE_STRIP = NO;
				GCC_C_LANGUAGE_STANDARD = gnu99;
				GCC_DYNAMIC_NO_PIC = NO;
				GCC_OPTIMIZATION_LEVEL = 0;
				GCC_PREPROCESSOR_DEFINITIONS = (
					"DEBUG=1",
					"$(inherited)",
				);
				GCC_SYMBOLS_PRIVATE_EXTERN = NO;
				GCC_VERSION = com.apple.compilers.llvm.clang.1_0;
				GCC_WARN_ABOUT_RETURN_TYPE = YES;
				GCC_WARN_UNINITIALIZED_AUTOS = YES;
				GCC_WARN_UNUSED_VARIABLE = YES;
				IPHONEOS_DEPLOYMENT_TARGET = 5.1;
				SDKROOT = iphoneos;
				TARGETED_DEVICE_FAMILY = "1,2";
			};
			name = Debug;
		};
		BFEC558715488A1600E3E988 /* Release */ = {
			isa = XCBuildConfiguration;
			buildSettings = {
				ALWAYS_SEARCH_USER_PATHS = NO;
				ARCHS = "$(ARCHS_STANDARD_32_BIT)";
				CLANG_ENABLE_OBJC_ARC = YES;
				"CODE_SIGN_IDENTITY[sdk=iphoneos*]" = "iPhone Developer";
				COPY_PHASE_STRIP = YES;
				GCC_C_LANGUAGE_STANDARD = gnu99;
				GCC_VERSION = com.apple.compilers.llvm.clang.1_0;
				GCC_WARN_ABOUT_RETURN_TYPE = YES;
				GCC_WARN_UNINITIALIZED_AUTOS = YES;
				GCC_WARN_UNUSED_VARIABLE = YES;
				IPHONEOS_DEPLOYMENT_TARGET = 5.1;
				OTHER_CFLAGS = "-DNS_BLOCK_ASSERTIONS=1";
				SDKROOT = iphoneos;
				TARGETED_DEVICE_FAMILY = "1,2";
				VALIDATE_PRODUCT = YES;
			};
			name = Release;
		};
		BFEC558915488A1600E3E988 /* Debug */ = {
			isa = XCBuildConfiguration;
			buildSettings = {
				GCC_PRECOMPILE_PREFIX_HEADER = YES;
				GCC_PREFIX_HEADER = "MySinglesWard/MySinglesWard-Prefix.pch";
				INFOPLIST_FILE = "MySinglesWard/MySinglesWard-Info.plist";
				IPHONEOS_DEPLOYMENT_TARGET = 5.0;
				PRODUCT_NAME = "$(TARGET_NAME)";
				WRAPPER_EXTENSION = app;
			};
			name = Debug;
		};
		BFEC558A15488A1600E3E988 /* Release */ = {
			isa = XCBuildConfiguration;
			buildSettings = {
				GCC_PRECOMPILE_PREFIX_HEADER = YES;
				GCC_PREFIX_HEADER = "MySinglesWard/MySinglesWard-Prefix.pch";
				INFOPLIST_FILE = "MySinglesWard/MySinglesWard-Info.plist";
				IPHONEOS_DEPLOYMENT_TARGET = 5.0;
				PRODUCT_NAME = "$(TARGET_NAME)";
				WRAPPER_EXTENSION = app;
			};
			name = Release;
		};
/* End XCBuildConfiguration section */

/* Begin XCConfigurationList section */
		BFEC555615488A1500E3E988 /* Build configuration list for PBXProject "MySinglesWard" */ = {
			isa = XCConfigurationList;
			buildConfigurations = (
				BFEC558615488A1600E3E988 /* Debug */,
				BFEC558715488A1600E3E988 /* Release */,
			);
			defaultConfigurationIsVisible = 0;
			defaultConfigurationName = Release;
		};
		BFEC558815488A1600E3E988 /* Build configuration list for PBXNativeTarget "MySinglesWard" */ = {
			isa = XCConfigurationList;
			buildConfigurations = (
				BFEC558915488A1600E3E988 /* Debug */,
				BFEC558A15488A1600E3E988 /* Release */,
			);
			defaultConfigurationIsVisible = 0;
			defaultConfigurationName = Release;
		};
/* End XCConfigurationList section */
	};
	rootObject = BFEC555315488A1500E3E988 /* Project object */;
}
