// !$*UTF8*$!
{
	archiveVersion = 1;
	classes = {
	};
	objectVersion = 46;
	objects = {

/* Begin PBXBuildFile section */
		BF01CC091554788F0045E09F /* User.m in Sources */ = {isa = PBXBuildFile; fileRef = BF01CC081554788E0045E09F /* User.m */; };
		BF01CC0C1554788F0045E09F /* BishopricData.m in Sources */ = {isa = PBXBuildFile; fileRef = BF01CC0B1554788F0045E09F /* BishopricData.m */; };
		BF01CC121554788F0045E09F /* Calling.m in Sources */ = {isa = PBXBuildFile; fileRef = BF01CC111554788F0045E09F /* Calling.m */; };
		BF01CC151554788F0045E09F /* NotificationPreference.m in Sources */ = {isa = PBXBuildFile; fileRef = BF01CC141554788F0045E09F /* NotificationPreference.m */; };
		BF01CC181554788F0045E09F /* Ward.m in Sources */ = {isa = PBXBuildFile; fileRef = BF01CC171554788F0045E09F /* Ward.m */; };
		BF01CC1B155488C50045E09F /* MSWPreferencesViewController.m in Sources */ = {isa = PBXBuildFile; fileRef = BF01CC1A155488C50045E09F /* MSWPreferencesViewController.m */; };
		BF01CC211554CF1C0045E09F /* MSWNotificationViewController.m in Sources */ = {isa = PBXBuildFile; fileRef = BF01CC201554CF1C0045E09F /* MSWNotificationViewController.m */; };
		BF01CC241554D00B0045E09F /* MSWTXTViewController.m in Sources */ = {isa = PBXBuildFile; fileRef = BF01CC231554D00B0045E09F /* MSWTXTViewController.m */; };
		BF070D47155A1AF700515833 /* MSWResidenceSelectViewController.m in Sources */ = {isa = PBXBuildFile; fileRef = BF070D46155A1AF700515833 /* MSWResidenceSelectViewController.m */; };
		BF070D4B155A312300515833 /* MSWBirthdaySelectViewController.m in Sources */ = {isa = PBXBuildFile; fileRef = BF070D4A155A312300515833 /* MSWBirthdaySelectViewController.m */; };
		BF070D4E155A357A00515833 /* MSWPriesthoodSelectViewController.m in Sources */ = {isa = PBXBuildFile; fileRef = BF070D4D155A357A00515833 /* MSWPriesthoodSelectViewController.m */; };
		BF0E98AC154F9171004E71A8 /* User+Create.m in Sources */ = {isa = PBXBuildFile; fileRef = BF0E98AB154F9171004E71A8 /* User+Create.m */; };
		BF0E98AF154F96D1004E71A8 /* Photo+Create.m in Sources */ = {isa = PBXBuildFile; fileRef = BF0E98AE154F96D1004E71A8 /* Photo+Create.m */; };
		BF0E98B8154F9EC7004E71A8 /* Ward+Create.m in Sources */ = {isa = PBXBuildFile; fileRef = BF0E98B7154F9EC7004E71A8 /* Ward+Create.m */; };
		BF0E98BB154FA272004E71A8 /* NotificationPreference+Create.m in Sources */ = {isa = PBXBuildFile; fileRef = BF0E98BA154FA272004E71A8 /* NotificationPreference+Create.m */; };
		BF0E98BE154FAB2A004E71A8 /* MemberSurvey+Create.m in Sources */ = {isa = PBXBuildFile; fileRef = BF0E98BD154FAB2A004E71A8 /* MemberSurvey+Create.m */; };
		BF1596961559B11C005DAA50 /* MSWPublishOptionsViewController.m in Sources */ = {isa = PBXBuildFile; fileRef = BF1596951559B11C005DAA50 /* MSWPublishOptionsViewController.m */; };
		BF169B4C154F376D00EDA34D /* CoreDataTableViewController.m in Sources */ = {isa = PBXBuildFile; fileRef = BF169B4B154F376D00EDA34D /* CoreDataTableViewController.m */; };
		BF169B50154F37A000EDA34D /* JSONRequest.m in Sources */ = {isa = PBXBuildFile; fileRef = BF169B4F154F37A000EDA34D /* JSONRequest.m */; };
		BF1AB2341558D07F005547A2 /* MSWPersonalInformationViewController.m in Sources */ = {isa = PBXBuildFile; fileRef = BF1AB2331558D07F005547A2 /* MSWPersonalInformationViewController.m */; };
		BF1AB2381558D092005547A2 /* MSWChurchInformationViewController.m in Sources */ = {isa = PBXBuildFile; fileRef = BF1AB2371558D092005547A2 /* MSWChurchInformationViewController.m */; };
		BF1AB23B1558D09F005547A2 /* MSWOtherInformationViewController.m in Sources */ = {isa = PBXBuildFile; fileRef = BF1AB23A1558D09F005547A2 /* MSWOtherInformationViewController.m */; };
		BF29A26915644B8E008C6DD6 /* MSWLocationSelectViewController.m in Sources */ = {isa = PBXBuildFile; fileRef = BF29A26815644B8E008C6DD6 /* MSWLocationSelectViewController.m */; };
		BF29A26C15644B98008C6DD6 /* MSWStakeSelectViewController.m in Sources */ = {isa = PBXBuildFile; fileRef = BF29A26B15644B98008C6DD6 /* MSWStakeSelectViewController.m */; };
		BF29A26F15644BA0008C6DD6 /* MSWWardSelectViewController.m in Sources */ = {isa = PBXBuildFile; fileRef = BF29A26E15644BA0008C6DD6 /* MSWWardSelectViewController.m */; };
		BF29A27215644BBC008C6DD6 /* MSWUnitSelectionViewController.m in Sources */ = {isa = PBXBuildFile; fileRef = BF29A27115644BBC008C6DD6 /* MSWUnitSelectionViewController.m */; };
		BF3E2FD315503A560027293D /* MSWProfileTableViewController.m in Sources */ = {isa = PBXBuildFile; fileRef = BF3E2FD215503A560027293D /* MSWProfileTableViewController.m */; };
		BF3E2FE2155054E10027293D /* MSWWardViewController.m in Sources */ = {isa = PBXBuildFile; fileRef = BF3E2FE1155054E10027293D /* MSWWardViewController.m */; };
		BF49F1261558874A00DF5C26 /* MSWSurveyViewController.m in Sources */ = {isa = PBXBuildFile; fileRef = BF49F1251558874A00DF5C26 /* MSWSurveyViewController.m */; };
		BF4EE582154F3A3E00EC5F1C /* MSWModel.xcdatamodeld in Sources */ = {isa = PBXBuildFile; fileRef = BF4EE580154F3A3E00EC5F1C /* MSWModel.xcdatamodeld */; };
		BF6D8538154B83E8009052EA /* MSWMemberRegistrationViewController.m in Sources */ = {isa = PBXBuildFile; fileRef = BF6D8537154B83E8009052EA /* MSWMemberRegistrationViewController.m */; };
		BF6D853B154B8400009052EA /* MSWBishopricRegistrationViewController.m in Sources */ = {isa = PBXBuildFile; fileRef = BF6D853A154B8400009052EA /* MSWBishopricRegistrationViewController.m */; };
		BF6D853E154B840F009052EA /* MSWRegistrationViewController.m in Sources */ = {isa = PBXBuildFile; fileRef = BF6D853D154B840F009052EA /* MSWRegistrationViewController.m */; };
		BF7EEC1F1551D9B600479B2E /* MSWBishopricListViewController.m in Sources */ = {isa = PBXBuildFile; fileRef = BF7EEC1E1551D9B600479B2E /* MSWBishopricListViewController.m */; };
		BF7EEC4D1551DDBE00479B2E /* BishopricData+Create.m in Sources */ = {isa = PBXBuildFile; fileRef = BF7EEC4C1551DDBE00479B2E /* BishopricData+Create.m */; };
		BF7EEC531551E28000479B2E /* Calling+Create.m in Sources */ = {isa = PBXBuildFile; fileRef = BF7EEC521551E28000479B2E /* Calling+Create.m */; };
		BF8A04E31562F187004CD712 /* MemberSurvey.m in Sources */ = {isa = PBXBuildFile; fileRef = BF8A04E21562F187004CD712 /* MemberSurvey.m */; };
		BFBE1F631550E413001ECDB5 /* MSWMemberViewController.m in Sources */ = {isa = PBXBuildFile; fileRef = BFBE1F621550E413001ECDB5 /* MSWMemberViewController.m */; };
		BFBE1F691550F1DE001ECDB5 /* MessageUI.framework in Frameworks */ = {isa = PBXBuildFile; fileRef = BFBE1F681550F1DE001ECDB5 /* MessageUI.framework */; };
		BFBE1F721550FAC2001ECDB5 /* MBProgressHUD.m in Sources */ = {isa = PBXBuildFile; fileRef = BFBE1F711550FAC1001ECDB5 /* MBProgressHUD.m */; };
		BFBE6CDA1565AEED00E1776B /* MobileCoreServices.framework in Frameworks */ = {isa = PBXBuildFile; fileRef = BFBE6CD91565AEED00E1776B /* MobileCoreServices.framework */; };
		BFBE6CE01565F4FE00E1776B /* Photo.m in Sources */ = {isa = PBXBuildFile; fileRef = BFBE6CDF1565F4FE00E1776B /* Photo.m */; };
		BFBE6CF31566BB2100E1776B /* bishopricicon.png in Resources */ = {isa = PBXBuildFile; fileRef = BFBE6CF11566BB2100E1776B /* bishopricicon.png */; };
		BFBE6CF41566BB2100E1776B /* bishopricicon@2x.png in Resources */ = {isa = PBXBuildFile; fileRef = BFBE6CF21566BB2100E1776B /* bishopricicon@2x.png */; };
		BFBE6CFF1566D2EC00E1776B /* wardlisticon.png in Resources */ = {isa = PBXBuildFile; fileRef = BFBE6CFD1566D2EC00E1776B /* wardlisticon.png */; };
		BFBE6D001566D2EC00E1776B /* wardlisticon@2x.png in Resources */ = {isa = PBXBuildFile; fileRef = BFBE6CFE1566D2EC00E1776B /* wardlisticon@2x.png */; };
		BFDDFE181552088F0050C1EA /* iphone-background.png in Resources */ = {isa = PBXBuildFile; fileRef = BFDDFE171552088F0050C1EA /* iphone-background.png */; };
		BFDDFE1A155209650050C1EA /* mobile-Logo.png in Resources */ = {isa = PBXBuildFile; fileRef = BFDDFE19155209640050C1EA /* mobile-Logo.png */; };
		BFDF9119154F387A004DB930 /* CoreData.framework in Frameworks */ = {isa = PBXBuildFile; fileRef = BFDF9118154F387A004DB930 /* CoreData.framework */; };
		BFEC556115488A1500E3E988 /* UIKit.framework in Frameworks */ = {isa = PBXBuildFile; fileRef = BFEC556015488A1500E3E988 /* UIKit.framework */; };
		BFEC556315488A1500E3E988 /* Foundation.framework in Frameworks */ = {isa = PBXBuildFile; fileRef = BFEC556215488A1500E3E988 /* Foundation.framework */; };
		BFEC556515488A1500E3E988 /* CoreGraphics.framework in Frameworks */ = {isa = PBXBuildFile; fileRef = BFEC556415488A1500E3E988 /* CoreGraphics.framework */; };
		BFEC556B15488A1500E3E988 /* InfoPlist.strings in Resources */ = {isa = PBXBuildFile; fileRef = BFEC556915488A1500E3E988 /* InfoPlist.strings */; };
		BFEC556D15488A1500E3E988 /* main.m in Sources */ = {isa = PBXBuildFile; fileRef = BFEC556C15488A1500E3E988 /* main.m */; };
		BFEC557115488A1500E3E988 /* MSWAppDelegate.m in Sources */ = {isa = PBXBuildFile; fileRef = BFEC557015488A1500E3E988 /* MSWAppDelegate.m */; };
		BFEC557415488A1500E3E988 /* MainStoryboard_iPhone.storyboard in Resources */ = {isa = PBXBuildFile; fileRef = BFEC557215488A1500E3E988 /* MainStoryboard_iPhone.storyboard */; };
		BFEC557715488A1600E3E988 /* MainStoryboard_iPad.storyboard in Resources */ = {isa = PBXBuildFile; fileRef = BFEC557515488A1600E3E988 /* MainStoryboard_iPad.storyboard */; };
		BFEC5595154897D900E3E988 /* iPhone-icon-lowres.png in Resources */ = {isa = PBXBuildFile; fileRef = BFEC5594154897D900E3E988 /* iPhone-icon-lowres.png */; };
		BFEC5597154897E100E3E988 /* iphone-icon-highres.png in Resources */ = {isa = PBXBuildFile; fileRef = BFEC5596154897E100E3E988 /* iphone-icon-highres.png */; };
		BFEC5599154897EB00E3E988 /* ipad-icon-lowres.png in Resources */ = {isa = PBXBuildFile; fileRef = BFEC5598154897EB00E3E988 /* ipad-icon-lowres.png */; };
		BFEC559B154897EF00E3E988 /* ipad-icon-highres.png in Resources */ = {isa = PBXBuildFile; fileRef = BFEC559A154897EF00E3E988 /* ipad-icon-highres.png */; };
		BFEC55A5154899EC00E3E988 /* Default@2x.png in Resources */ = {isa = PBXBuildFile; fileRef = BFEC55A4154899EC00E3E988 /* Default@2x.png */; };
		BFEC55A7154899F400E3E988 /* Default.png in Resources */ = {isa = PBXBuildFile; fileRef = BFEC55A6154899F400E3E988 /* Default.png */; };
		BFEC55B115489EBF00E3E988 /* Default-Landscape~ipad.png in Resources */ = {isa = PBXBuildFile; fileRef = BFEC55B015489EBF00E3E988 /* Default-Landscape~ipad.png */; };
		BFEC55B315489EC500E3E988 /* Default-Landscape@2x~ipad.png in Resources */ = {isa = PBXBuildFile; fileRef = BFEC55B215489EC500E3E988 /* Default-Landscape@2x~ipad.png */; };
		BFEC55B515489ECB00E3E988 /* Default-Portrait@2x~ipad.png in Resources */ = {isa = PBXBuildFile; fileRef = BFEC55B415489ECB00E3E988 /* Default-Portrait@2x~ipad.png */; };
		BFEC55B715489ED200E3E988 /* Default-Portrait~ipad.png in Resources */ = {isa = PBXBuildFile; fileRef = BFEC55B615489ED200E3E988 /* Default-Portrait~ipad.png */; };
		BFEC55F41548B3DF00E3E988 /* MSWLoginTableViewController.m in Sources */ = {isa = PBXBuildFile; fileRef = BFEC55F31548B3DF00E3E988 /* MSWLoginTableViewController.m */; };
		BFEC55FA1548B91E00E3E988 /* Mobile.png in Resources */ = {isa = PBXBuildFile; fileRef = BFEC55F91548B91E00E3E988 /* Mobile.png */; };
		BFEC56001548BA8100E3E988 /* Title.png in Resources */ = {isa = PBXBuildFile; fileRef = BFEC55FF1548BA8100E3E988 /* Title.png */; };
		BFEC56041548C68A00E3E988 /* button.png in Resources */ = {isa = PBXBuildFile; fileRef = BFEC56031548C68A00E3E988 /* button.png */; };
		BFEE7CF9156AA4110036A90D /* app_bg.png in Resources */ = {isa = PBXBuildFile; fileRef = BFEE7CF8156AA4110036A90D /* app_bg.png */; };
		BFEE7CFD156AA79B0036A90D /* MSWBishopricDataViewController.m in Sources */ = {isa = PBXBuildFile; fileRef = BFEE7CFC156AA79B0036A90D /* MSWBishopricDataViewController.m */; };
		BFEE7D00156AA7E80036A90D /* MSWBishopricCallingViewController.m in Sources */ = {isa = PBXBuildFile; fileRef = BFEE7CFF156AA7E80036A90D /* MSWBishopricCallingViewController.m */; };
		BFEE7D02156AFE880036A90D /* shieldToolbar.png in Resources */ = {isa = PBXBuildFile; fileRef = BFEE7D01156AFE880036A90D /* shieldToolbar.png */; };
		BFF4F84B155C679E009835AD /* MSWTempleExpSelectViewController.m in Sources */ = {isa = PBXBuildFile; fileRef = BFF4F84A155C679E009835AD /* MSWTempleExpSelectViewController.m */; };
		BFF4F854155C7862009835AD /* MSWPreviousWardViewController.m in Sources */ = {isa = PBXBuildFile; fileRef = BFF4F853155C7862009835AD /* MSWPreviousWardViewController.m */; };
		BFF4F85A155C7F57009835AD /* MSWMissionInformationViewController.m in Sources */ = {isa = PBXBuildFile; fileRef = BFF4F859155C7F57009835AD /* MSWMissionInformationViewController.m */; };
		BFF4F85E155C8FA4009835AD /* MSWYESMissionViewController.m in Sources */ = {isa = PBXBuildFile; fileRef = BFF4F85D155C8FA4009835AD /* MSWYESMissionViewController.m */; };
		BFF4F861155C8FB2009835AD /* MSWNOMissionViewController.m in Sources */ = {isa = PBXBuildFile; fileRef = BFF4F860155C8FB2009835AD /* MSWNOMissionViewController.m */; };
		BFF4F864155C9BCD009835AD /* MSWPastCallingsViewController.m in Sources */ = {isa = PBXBuildFile; fileRef = BFF4F863155C9BCC009835AD /* MSWPastCallingsViewController.m */; };
		BFF4F86B155D7EC9009835AD /* MSWTimeInWardViewController.m in Sources */ = {isa = PBXBuildFile; fileRef = BFF4F86A155D7EC9009835AD /* MSWTimeInWardViewController.m */; };
		BFF4F874155D8621009835AD /* MSWSchoolViewController.m in Sources */ = {isa = PBXBuildFile; fileRef = BFF4F873155D8621009835AD /* MSWSchoolViewController.m */; };
		BFF4F877155D8FC5009835AD /* MSWReligionClassViewController.m in Sources */ = {isa = PBXBuildFile; fileRef = BFF4F876155D8FC5009835AD /* MSWReligionClassViewController.m */; };
		BFF4F87A155D94AA009835AD /* MSWEmploymentViewController.m in Sources */ = {isa = PBXBuildFile; fileRef = BFF4F879155D94AA009835AD /* MSWEmploymentViewController.m */; };
		BFF4F87D155DA092009835AD /* MSWMusicViewController.m in Sources */ = {isa = PBXBuildFile; fileRef = BFF4F87C155DA092009835AD /* MSWMusicViewController.m */; };
		BFF4F880155DA4B9009835AD /* MSWTeachingViewController.m in Sources */ = {isa = PBXBuildFile; fileRef = BFF4F87F155DA4B9009835AD /* MSWTeachingViewController.m */; };
		BFF4F886155DA975009835AD /* MSWCallingPreferenceViewController.m in Sources */ = {isa = PBXBuildFile; fileRef = BFF4F885155DA975009835AD /* MSWCallingPreferenceViewController.m */; };
		BFF4F889155DABA9009835AD /* MSWWardActivityViewController.m in Sources */ = {isa = PBXBuildFile; fileRef = BFF4F888155DABA8009835AD /* MSWWardActivityViewController.m */; };
		BFF4F88C155DABBA009835AD /* MSWInterestsViewController.m in Sources */ = {isa = PBXBuildFile; fileRef = BFF4F88B155DABB9009835AD /* MSWInterestsViewController.m */; };
		BFF4F88F155DABD2009835AD /* MSWSelfDescriptionViewController.m in Sources */ = {isa = PBXBuildFile; fileRef = BFF4F88E155DABD2009835AD /* MSWSelfDescriptionViewController.m */; };
/* End PBXBuildFile section */

/* Begin PBXFileReference section */
		BF01CC071554788E0045E09F /* User.h */ = {isa = PBXFileReference; fileEncoding = 4; lastKnownFileType = sourcecode.c.h; path = User.h; sourceTree = "<group>"; };
		BF01CC081554788E0045E09F /* User.m */ = {isa = PBXFileReference; fileEncoding = 4; lastKnownFileType = sourcecode.c.objc; path = User.m; sourceTree = "<group>"; };
		BF01CC0A1554788F0045E09F /* BishopricData.h */ = {isa = PBXFileReference; fileEncoding = 4; lastKnownFileType = sourcecode.c.h; path = BishopricData.h; sourceTree = "<group>"; };
		BF01CC0B1554788F0045E09F /* BishopricData.m */ = {isa = PBXFileReference; fileEncoding = 4; lastKnownFileType = sourcecode.c.objc; path = BishopricData.m; sourceTree = "<group>"; };
		BF01CC101554788F0045E09F /* Calling.h */ = {isa = PBXFileReference; fileEncoding = 4; lastKnownFileType = sourcecode.c.h; path = Calling.h; sourceTree = "<group>"; };
		BF01CC111554788F0045E09F /* Calling.m */ = {isa = PBXFileReference; fileEncoding = 4; lastKnownFileType = sourcecode.c.objc; path = Calling.m; sourceTree = "<group>"; };
		BF01CC131554788F0045E09F /* NotificationPreference.h */ = {isa = PBXFileReference; fileEncoding = 4; lastKnownFileType = sourcecode.c.h; path = NotificationPreference.h; sourceTree = "<group>"; };
		BF01CC141554788F0045E09F /* NotificationPreference.m */ = {isa = PBXFileReference; fileEncoding = 4; lastKnownFileType = sourcecode.c.objc; path = NotificationPreference.m; sourceTree = "<group>"; };
		BF01CC161554788F0045E09F /* Ward.h */ = {isa = PBXFileReference; fileEncoding = 4; lastKnownFileType = sourcecode.c.h; path = Ward.h; sourceTree = "<group>"; };
		BF01CC171554788F0045E09F /* Ward.m */ = {isa = PBXFileReference; fileEncoding = 4; lastKnownFileType = sourcecode.c.objc; path = Ward.m; sourceTree = "<group>"; };
		BF01CC19155488C50045E09F /* MSWPreferencesViewController.h */ = {isa = PBXFileReference; fileEncoding = 4; lastKnownFileType = sourcecode.c.h; path = MSWPreferencesViewController.h; sourceTree = "<group>"; };
		BF01CC1A155488C50045E09F /* MSWPreferencesViewController.m */ = {isa = PBXFileReference; fileEncoding = 4; lastKnownFileType = sourcecode.c.objc; path = MSWPreferencesViewController.m; sourceTree = "<group>"; };
		BF01CC1F1554CF1C0045E09F /* MSWNotificationViewController.h */ = {isa = PBXFileReference; fileEncoding = 4; lastKnownFileType = sourcecode.c.h; path = MSWNotificationViewController.h; sourceTree = "<group>"; };
		BF01CC201554CF1C0045E09F /* MSWNotificationViewController.m */ = {isa = PBXFileReference; fileEncoding = 4; lastKnownFileType = sourcecode.c.objc; path = MSWNotificationViewController.m; sourceTree = "<group>"; };
		BF01CC221554D00B0045E09F /* MSWTXTViewController.h */ = {isa = PBXFileReference; fileEncoding = 4; lastKnownFileType = sourcecode.c.h; path = MSWTXTViewController.h; sourceTree = "<group>"; };
		BF01CC231554D00B0045E09F /* MSWTXTViewController.m */ = {isa = PBXFileReference; fileEncoding = 4; lastKnownFileType = sourcecode.c.objc; path = MSWTXTViewController.m; sourceTree = "<group>"; };
		BF070D45155A1AF700515833 /* MSWResidenceSelectViewController.h */ = {isa = PBXFileReference; fileEncoding = 4; lastKnownFileType = sourcecode.c.h; path = MSWResidenceSelectViewController.h; sourceTree = "<group>"; };
		BF070D46155A1AF700515833 /* MSWResidenceSelectViewController.m */ = {isa = PBXFileReference; fileEncoding = 4; lastKnownFileType = sourcecode.c.objc; path = MSWResidenceSelectViewController.m; sourceTree = "<group>"; };
		BF070D49155A312300515833 /* MSWBirthdaySelectViewController.h */ = {isa = PBXFileReference; fileEncoding = 4; lastKnownFileType = sourcecode.c.h; path = MSWBirthdaySelectViewController.h; sourceTree = "<group>"; };
		BF070D4A155A312300515833 /* MSWBirthdaySelectViewController.m */ = {isa = PBXFileReference; fileEncoding = 4; lastKnownFileType = sourcecode.c.objc; path = MSWBirthdaySelectViewController.m; sourceTree = "<group>"; };
		BF070D4C155A357A00515833 /* MSWPriesthoodSelectViewController.h */ = {isa = PBXFileReference; fileEncoding = 4; lastKnownFileType = sourcecode.c.h; path = MSWPriesthoodSelectViewController.h; sourceTree = "<group>"; };
		BF070D4D155A357A00515833 /* MSWPriesthoodSelectViewController.m */ = {isa = PBXFileReference; fileEncoding = 4; lastKnownFileType = sourcecode.c.objc; path = MSWPriesthoodSelectViewController.m; sourceTree = "<group>"; };
		BF0E98AA154F9171004E71A8 /* User+Create.h */ = {isa = PBXFileReference; fileEncoding = 4; lastKnownFileType = sourcecode.c.h; path = "User+Create.h"; sourceTree = "<group>"; };
		BF0E98AB154F9171004E71A8 /* User+Create.m */ = {isa = PBXFileReference; fileEncoding = 4; lastKnownFileType = sourcecode.c.objc; path = "User+Create.m"; sourceTree = "<group>"; };
		BF0E98AD154F96D1004E71A8 /* Photo+Create.h */ = {isa = PBXFileReference; fileEncoding = 4; lastKnownFileType = sourcecode.c.h; path = "Photo+Create.h"; sourceTree = "<group>"; };
		BF0E98AE154F96D1004E71A8 /* Photo+Create.m */ = {isa = PBXFileReference; fileEncoding = 4; lastKnownFileType = sourcecode.c.objc; path = "Photo+Create.m"; sourceTree = "<group>"; };
		BF0E98B6154F9EC7004E71A8 /* Ward+Create.h */ = {isa = PBXFileReference; fileEncoding = 4; lastKnownFileType = sourcecode.c.h; path = "Ward+Create.h"; sourceTree = "<group>"; };
		BF0E98B7154F9EC7004E71A8 /* Ward+Create.m */ = {isa = PBXFileReference; fileEncoding = 4; lastKnownFileType = sourcecode.c.objc; path = "Ward+Create.m"; sourceTree = "<group>"; };
		BF0E98B9154FA272004E71A8 /* NotificationPreference+Create.h */ = {isa = PBXFileReference; fileEncoding = 4; lastKnownFileType = sourcecode.c.h; path = "NotificationPreference+Create.h"; sourceTree = "<group>"; };
		BF0E98BA154FA272004E71A8 /* NotificationPreference+Create.m */ = {isa = PBXFileReference; fileEncoding = 4; lastKnownFileType = sourcecode.c.objc; path = "NotificationPreference+Create.m"; sourceTree = "<group>"; };
		BF0E98BC154FAB2A004E71A8 /* MemberSurvey+Create.h */ = {isa = PBXFileReference; fileEncoding = 4; lastKnownFileType = sourcecode.c.h; path = "MemberSurvey+Create.h"; sourceTree = "<group>"; };
		BF0E98BD154FAB2A004E71A8 /* MemberSurvey+Create.m */ = {isa = PBXFileReference; fileEncoding = 4; lastKnownFileType = sourcecode.c.objc; path = "MemberSurvey+Create.m"; sourceTree = "<group>"; };
		BF1596941559B11C005DAA50 /* MSWPublishOptionsViewController.h */ = {isa = PBXFileReference; fileEncoding = 4; lastKnownFileType = sourcecode.c.h; path = MSWPublishOptionsViewController.h; sourceTree = "<group>"; };
		BF1596951559B11C005DAA50 /* MSWPublishOptionsViewController.m */ = {isa = PBXFileReference; fileEncoding = 4; lastKnownFileType = sourcecode.c.objc; path = MSWPublishOptionsViewController.m; sourceTree = "<group>"; };
		BF169B4A154F376D00EDA34D /* CoreDataTableViewController.h */ = {isa = PBXFileReference; fileEncoding = 4; lastKnownFileType = sourcecode.c.h; path = CoreDataTableViewController.h; sourceTree = "<group>"; };
		BF169B4B154F376D00EDA34D /* CoreDataTableViewController.m */ = {isa = PBXFileReference; fileEncoding = 4; lastKnownFileType = sourcecode.c.objc; path = CoreDataTableViewController.m; sourceTree = "<group>"; };
		BF169B4E154F37A000EDA34D /* JSONRequest.h */ = {isa = PBXFileReference; fileEncoding = 4; lastKnownFileType = sourcecode.c.h; path = JSONRequest.h; sourceTree = "<group>"; };
		BF169B4F154F37A000EDA34D /* JSONRequest.m */ = {isa = PBXFileReference; fileEncoding = 4; lastKnownFileType = sourcecode.c.objc; path = JSONRequest.m; sourceTree = "<group>"; };
		BF1AB2321558D07F005547A2 /* MSWPersonalInformationViewController.h */ = {isa = PBXFileReference; fileEncoding = 4; lastKnownFileType = sourcecode.c.h; path = MSWPersonalInformationViewController.h; sourceTree = "<group>"; };
		BF1AB2331558D07F005547A2 /* MSWPersonalInformationViewController.m */ = {isa = PBXFileReference; fileEncoding = 4; lastKnownFileType = sourcecode.c.objc; path = MSWPersonalInformationViewController.m; sourceTree = "<group>"; };
		BF1AB2361558D092005547A2 /* MSWChurchInformationViewController.h */ = {isa = PBXFileReference; fileEncoding = 4; lastKnownFileType = sourcecode.c.h; path = MSWChurchInformationViewController.h; sourceTree = "<group>"; };
		BF1AB2371558D092005547A2 /* MSWChurchInformationViewController.m */ = {isa = PBXFileReference; fileEncoding = 4; lastKnownFileType = sourcecode.c.objc; path = MSWChurchInformationViewController.m; sourceTree = "<group>"; };
		BF1AB2391558D09F005547A2 /* MSWOtherInformationViewController.h */ = {isa = PBXFileReference; fileEncoding = 4; lastKnownFileType = sourcecode.c.h; path = MSWOtherInformationViewController.h; sourceTree = "<group>"; };
		BF1AB23A1558D09F005547A2 /* MSWOtherInformationViewController.m */ = {isa = PBXFileReference; fileEncoding = 4; lastKnownFileType = sourcecode.c.objc; path = MSWOtherInformationViewController.m; sourceTree = "<group>"; };
		BF29A26715644B8E008C6DD6 /* MSWLocationSelectViewController.h */ = {isa = PBXFileReference; fileEncoding = 4; lastKnownFileType = sourcecode.c.h; path = MSWLocationSelectViewController.h; sourceTree = "<group>"; };
		BF29A26815644B8E008C6DD6 /* MSWLocationSelectViewController.m */ = {isa = PBXFileReference; fileEncoding = 4; lastKnownFileType = sourcecode.c.objc; path = MSWLocationSelectViewController.m; sourceTree = "<group>"; };
		BF29A26A15644B98008C6DD6 /* MSWStakeSelectViewController.h */ = {isa = PBXFileReference; fileEncoding = 4; lastKnownFileType = sourcecode.c.h; path = MSWStakeSelectViewController.h; sourceTree = "<group>"; };
		BF29A26B15644B98008C6DD6 /* MSWStakeSelectViewController.m */ = {isa = PBXFileReference; fileEncoding = 4; lastKnownFileType = sourcecode.c.objc; path = MSWStakeSelectViewController.m; sourceTree = "<group>"; };
		BF29A26D15644BA0008C6DD6 /* MSWWardSelectViewController.h */ = {isa = PBXFileReference; fileEncoding = 4; lastKnownFileType = sourcecode.c.h; path = MSWWardSelectViewController.h; sourceTree = "<group>"; };
		BF29A26E15644BA0008C6DD6 /* MSWWardSelectViewController.m */ = {isa = PBXFileReference; fileEncoding = 4; lastKnownFileType = sourcecode.c.objc; path = MSWWardSelectViewController.m; sourceTree = "<group>"; };
		BF29A27015644BBC008C6DD6 /* MSWUnitSelectionViewController.h */ = {isa = PBXFileReference; fileEncoding = 4; lastKnownFileType = sourcecode.c.h; path = MSWUnitSelectionViewController.h; sourceTree = "<group>"; };
		BF29A27115644BBC008C6DD6 /* MSWUnitSelectionViewController.m */ = {isa = PBXFileReference; fileEncoding = 4; lastKnownFileType = sourcecode.c.objc; path = MSWUnitSelectionViewController.m; sourceTree = "<group>"; };
		BF3E2FD115503A560027293D /* MSWProfileTableViewController.h */ = {isa = PBXFileReference; fileEncoding = 4; lastKnownFileType = sourcecode.c.h; path = MSWProfileTableViewController.h; sourceTree = "<group>"; };
		BF3E2FD215503A560027293D /* MSWProfileTableViewController.m */ = {isa = PBXFileReference; fileEncoding = 4; lastKnownFileType = sourcecode.c.objc; path = MSWProfileTableViewController.m; sourceTree = "<group>"; };
		BF3E2FE0155054E10027293D /* MSWWardViewController.h */ = {isa = PBXFileReference; fileEncoding = 4; lastKnownFileType = sourcecode.c.h; path = MSWWardViewController.h; sourceTree = "<group>"; };
		BF3E2FE1155054E10027293D /* MSWWardViewController.m */ = {isa = PBXFileReference; fileEncoding = 4; lastKnownFileType = sourcecode.c.objc; path = MSWWardViewController.m; sourceTree = "<group>"; };
		BF49F1241558874A00DF5C26 /* MSWSurveyViewController.h */ = {isa = PBXFileReference; fileEncoding = 4; lastKnownFileType = sourcecode.c.h; path = MSWSurveyViewController.h; sourceTree = "<group>"; };
		BF49F1251558874A00DF5C26 /* MSWSurveyViewController.m */ = {isa = PBXFileReference; fileEncoding = 4; lastKnownFileType = sourcecode.c.objc; path = MSWSurveyViewController.m; sourceTree = "<group>"; };
		BF4EE581154F3A3E00EC5F1C /* MSWModel.xcdatamodel */ = {isa = PBXFileReference; lastKnownFileType = wrapper.xcdatamodel; path = MSWModel.xcdatamodel; sourceTree = "<group>"; };
		BF6D8536154B83E8009052EA /* MSWMemberRegistrationViewController.h */ = {isa = PBXFileReference; fileEncoding = 4; lastKnownFileType = sourcecode.c.h; path = MSWMemberRegistrationViewController.h; sourceTree = "<group>"; };
		BF6D8537154B83E8009052EA /* MSWMemberRegistrationViewController.m */ = {isa = PBXFileReference; fileEncoding = 4; lastKnownFileType = sourcecode.c.objc; path = MSWMemberRegistrationViewController.m; sourceTree = "<group>"; };
		BF6D8539154B8400009052EA /* MSWBishopricRegistrationViewController.h */ = {isa = PBXFileReference; fileEncoding = 4; lastKnownFileType = sourcecode.c.h; path = MSWBishopricRegistrationViewController.h; sourceTree = "<group>"; };
		BF6D853A154B8400009052EA /* MSWBishopricRegistrationViewController.m */ = {isa = PBXFileReference; fileEncoding = 4; lastKnownFileType = sourcecode.c.objc; path = MSWBishopricRegistrationViewController.m; sourceTree = "<group>"; };
		BF6D853C154B840E009052EA /* MSWRegistrationViewController.h */ = {isa = PBXFileReference; fileEncoding = 4; lastKnownFileType = sourcecode.c.h; path = MSWRegistrationViewController.h; sourceTree = "<group>"; };
		BF6D853D154B840F009052EA /* MSWRegistrationViewController.m */ = {isa = PBXFileReference; fileEncoding = 4; lastKnownFileType = sourcecode.c.objc; path = MSWRegistrationViewController.m; sourceTree = "<group>"; };
		BF7EEC1D1551D9B600479B2E /* MSWBishopricListViewController.h */ = {isa = PBXFileReference; fileEncoding = 4; lastKnownFileType = sourcecode.c.h; path = MSWBishopricListViewController.h; sourceTree = "<group>"; };
		BF7EEC1E1551D9B600479B2E /* MSWBishopricListViewController.m */ = {isa = PBXFileReference; fileEncoding = 4; lastKnownFileType = sourcecode.c.objc; path = MSWBishopricListViewController.m; sourceTree = "<group>"; };
		BF7EEC4B1551DDBE00479B2E /* BishopricData+Create.h */ = {isa = PBXFileReference; fileEncoding = 4; lastKnownFileType = sourcecode.c.h; path = "BishopricData+Create.h"; sourceTree = "<group>"; };
		BF7EEC4C1551DDBE00479B2E /* BishopricData+Create.m */ = {isa = PBXFileReference; fileEncoding = 4; lastKnownFileType = sourcecode.c.objc; path = "BishopricData+Create.m"; sourceTree = "<group>"; };
		BF7EEC511551E28000479B2E /* Calling+Create.h */ = {isa = PBXFileReference; fileEncoding = 4; lastKnownFileType = sourcecode.c.h; path = "Calling+Create.h"; sourceTree = "<group>"; };
		BF7EEC521551E28000479B2E /* Calling+Create.m */ = {isa = PBXFileReference; fileEncoding = 4; lastKnownFileType = sourcecode.c.objc; path = "Calling+Create.m"; sourceTree = "<group>"; };
		BF8A04E11562F187004CD712 /* MemberSurvey.h */ = {isa = PBXFileReference; fileEncoding = 4; lastKnownFileType = sourcecode.c.h; path = MemberSurvey.h; sourceTree = "<group>"; };
		BF8A04E21562F187004CD712 /* MemberSurvey.m */ = {isa = PBXFileReference; fileEncoding = 4; lastKnownFileType = sourcecode.c.objc; path = MemberSurvey.m; sourceTree = "<group>"; };
		BFBE1F611550E413001ECDB5 /* MSWMemberViewController.h */ = {isa = PBXFileReference; fileEncoding = 4; lastKnownFileType = sourcecode.c.h; path = MSWMemberViewController.h; sourceTree = "<group>"; };
		BFBE1F621550E413001ECDB5 /* MSWMemberViewController.m */ = {isa = PBXFileReference; fileEncoding = 4; lastKnownFileType = sourcecode.c.objc; path = MSWMemberViewController.m; sourceTree = "<group>"; };
		BFBE1F681550F1DE001ECDB5 /* MessageUI.framework */ = {isa = PBXFileReference; lastKnownFileType = wrapper.framework; name = MessageUI.framework; path = System/Library/Frameworks/MessageUI.framework; sourceTree = SDKROOT; };
		BFBE1F701550FAC1001ECDB5 /* MBProgressHUD.h */ = {isa = PBXFileReference; fileEncoding = 4; lastKnownFileType = sourcecode.c.h; path = MBProgressHUD.h; sourceTree = "<group>"; };
		BFBE1F711550FAC1001ECDB5 /* MBProgressHUD.m */ = {isa = PBXFileReference; fileEncoding = 4; lastKnownFileType = sourcecode.c.objc; path = MBProgressHUD.m; sourceTree = "<group>"; };
		BFBE6CD91565AEED00E1776B /* MobileCoreServices.framework */ = {isa = PBXFileReference; lastKnownFileType = wrapper.framework; name = MobileCoreServices.framework; path = System/Library/Frameworks/MobileCoreServices.framework; sourceTree = SDKROOT; };
		BFBE6CDE1565F4FE00E1776B /* Photo.h */ = {isa = PBXFileReference; fileEncoding = 4; lastKnownFileType = sourcecode.c.h; path = Photo.h; sourceTree = "<group>"; };
		BFBE6CDF1565F4FE00E1776B /* Photo.m */ = {isa = PBXFileReference; fileEncoding = 4; lastKnownFileType = sourcecode.c.objc; path = Photo.m; sourceTree = "<group>"; };
		BFBE6CF11566BB2100E1776B /* bishopricicon.png */ = {isa = PBXFileReference; lastKnownFileType = image.png; path = bishopricicon.png; sourceTree = "<group>"; };
		BFBE6CF21566BB2100E1776B /* bishopricicon@2x.png */ = {isa = PBXFileReference; lastKnownFileType = image.png; path = "bishopricicon@2x.png"; sourceTree = "<group>"; };
		BFBE6CFD1566D2EC00E1776B /* wardlisticon.png */ = {isa = PBXFileReference; lastKnownFileType = image.png; path = wardlisticon.png; sourceTree = "<group>"; };
		BFBE6CFE1566D2EC00E1776B /* wardlisticon@2x.png */ = {isa = PBXFileReference; lastKnownFileType = image.png; path = "wardlisticon@2x.png"; sourceTree = "<group>"; };
		BFDDFE171552088F0050C1EA /* iphone-background.png */ = {isa = PBXFileReference; lastKnownFileType = image.png; path = "iphone-background.png"; sourceTree = "<group>"; };
		BFDDFE19155209640050C1EA /* mobile-Logo.png */ = {isa = PBXFileReference; lastKnownFileType = image.png; path = "mobile-Logo.png"; sourceTree = "<group>"; };
		BFDF9118154F387A004DB930 /* CoreData.framework */ = {isa = PBXFileReference; lastKnownFileType = wrapper.framework; name = CoreData.framework; path = System/Library/Frameworks/CoreData.framework; sourceTree = SDKROOT; };
		BFEC555C15488A1500E3E988 /* mysinglesward.app */ = {isa = PBXFileReference; explicitFileType = wrapper.application; includeInIndex = 0; path = mysinglesward.app; sourceTree = BUILT_PRODUCTS_DIR; };
		BFEC556015488A1500E3E988 /* UIKit.framework */ = {isa = PBXFileReference; lastKnownFileType = wrapper.framework; name = UIKit.framework; path = System/Library/Frameworks/UIKit.framework; sourceTree = SDKROOT; };
		BFEC556215488A1500E3E988 /* Foundation.framework */ = {isa = PBXFileReference; lastKnownFileType = wrapper.framework; name = Foundation.framework; path = System/Library/Frameworks/Foundation.framework; sourceTree = SDKROOT; };
		BFEC556415488A1500E3E988 /* CoreGraphics.framework */ = {isa = PBXFileReference; lastKnownFileType = wrapper.framework; name = CoreGraphics.framework; path = System/Library/Frameworks/CoreGraphics.framework; sourceTree = SDKROOT; };
		BFEC556815488A1500E3E988 /* MySinglesWard-Info.plist */ = {isa = PBXFileReference; lastKnownFileType = text.plist.xml; path = "MySinglesWard-Info.plist"; sourceTree = "<group>"; };
		BFEC556A15488A1500E3E988 /* en */ = {isa = PBXFileReference; lastKnownFileType = text.plist.strings; name = en; path = en.lproj/InfoPlist.strings; sourceTree = "<group>"; };
		BFEC556C15488A1500E3E988 /* main.m */ = {isa = PBXFileReference; lastKnownFileType = sourcecode.c.objc; path = main.m; sourceTree = "<group>"; };
		BFEC556E15488A1500E3E988 /* MySinglesWard-Prefix.pch */ = {isa = PBXFileReference; lastKnownFileType = sourcecode.c.h; path = "MySinglesWard-Prefix.pch"; sourceTree = "<group>"; };
		BFEC556F15488A1500E3E988 /* MSWAppDelegate.h */ = {isa = PBXFileReference; lastKnownFileType = sourcecode.c.h; path = MSWAppDelegate.h; sourceTree = "<group>"; };
		BFEC557015488A1500E3E988 /* MSWAppDelegate.m */ = {isa = PBXFileReference; lastKnownFileType = sourcecode.c.objc; path = MSWAppDelegate.m; sourceTree = "<group>"; };
		BFEC557315488A1500E3E988 /* en */ = {isa = PBXFileReference; lastKnownFileType = file.storyboard; name = en; path = en.lproj/MainStoryboard_iPhone.storyboard; sourceTree = "<group>"; };
		BFEC557615488A1600E3E988 /* en */ = {isa = PBXFileReference; lastKnownFileType = file.storyboard; name = en; path = en.lproj/MainStoryboard_iPad.storyboard; sourceTree = "<group>"; };
		BFEC5594154897D900E3E988 /* iPhone-icon-lowres.png */ = {isa = PBXFileReference; lastKnownFileType = image.png; path = "iPhone-icon-lowres.png"; sourceTree = "<group>"; };
		BFEC5596154897E100E3E988 /* iphone-icon-highres.png */ = {isa = PBXFileReference; lastKnownFileType = image.png; path = "iphone-icon-highres.png"; sourceTree = "<group>"; };
		BFEC5598154897EB00E3E988 /* ipad-icon-lowres.png */ = {isa = PBXFileReference; lastKnownFileType = image.png; path = "ipad-icon-lowres.png"; sourceTree = "<group>"; };
		BFEC559A154897EF00E3E988 /* ipad-icon-highres.png */ = {isa = PBXFileReference; lastKnownFileType = image.png; path = "ipad-icon-highres.png"; sourceTree = "<group>"; };
		BFEC55A4154899EC00E3E988 /* Default@2x.png */ = {isa = PBXFileReference; lastKnownFileType = image.png; path = "Default@2x.png"; sourceTree = "<group>"; };
		BFEC55A6154899F400E3E988 /* Default.png */ = {isa = PBXFileReference; lastKnownFileType = image.png; path = Default.png; sourceTree = "<group>"; };
		BFEC55B015489EBF00E3E988 /* Default-Landscape~ipad.png */ = {isa = PBXFileReference; lastKnownFileType = image.png; path = "Default-Landscape~ipad.png"; sourceTree = "<group>"; };
		BFEC55B215489EC500E3E988 /* Default-Landscape@2x~ipad.png */ = {isa = PBXFileReference; lastKnownFileType = image.png; path = "Default-Landscape@2x~ipad.png"; sourceTree = "<group>"; };
		BFEC55B415489ECB00E3E988 /* Default-Portrait@2x~ipad.png */ = {isa = PBXFileReference; lastKnownFileType = image.png; path = "Default-Portrait@2x~ipad.png"; sourceTree = "<group>"; };
		BFEC55B615489ED200E3E988 /* Default-Portrait~ipad.png */ = {isa = PBXFileReference; lastKnownFileType = image.png; path = "Default-Portrait~ipad.png"; sourceTree = "<group>"; };
		BFEC55F21548B3DF00E3E988 /* MSWLoginTableViewController.h */ = {isa = PBXFileReference; fileEncoding = 4; lastKnownFileType = sourcecode.c.h; path = MSWLoginTableViewController.h; sourceTree = "<group>"; };
		BFEC55F31548B3DF00E3E988 /* MSWLoginTableViewController.m */ = {isa = PBXFileReference; fileEncoding = 4; lastKnownFileType = sourcecode.c.objc; path = MSWLoginTableViewController.m; sourceTree = "<group>"; };
		BFEC55F91548B91E00E3E988 /* Mobile.png */ = {isa = PBXFileReference; lastKnownFileType = image.png; path = Mobile.png; sourceTree = "<group>"; };
		BFEC55FF1548BA8100E3E988 /* Title.png */ = {isa = PBXFileReference; lastKnownFileType = image.png; path = Title.png; sourceTree = "<group>"; };
		BFEC56031548C68A00E3E988 /* button.png */ = {isa = PBXFileReference; lastKnownFileType = image.png; path = button.png; sourceTree = "<group>"; };
		BFEE7CF8156AA4110036A90D /* app_bg.png */ = {isa = PBXFileReference; lastKnownFileType = image.png; path = app_bg.png; sourceTree = "<group>"; };
		BFEE7CFB156AA79B0036A90D /* MSWBishopricDataViewController.h */ = {isa = PBXFileReference; fileEncoding = 4; lastKnownFileType = sourcecode.c.h; path = MSWBishopricDataViewController.h; sourceTree = "<group>"; };
		BFEE7CFC156AA79B0036A90D /* MSWBishopricDataViewController.m */ = {isa = PBXFileReference; fileEncoding = 4; lastKnownFileType = sourcecode.c.objc; path = MSWBishopricDataViewController.m; sourceTree = "<group>"; };
		BFEE7CFE156AA7E80036A90D /* MSWBishopricCallingViewController.h */ = {isa = PBXFileReference; fileEncoding = 4; lastKnownFileType = sourcecode.c.h; path = MSWBishopricCallingViewController.h; sourceTree = "<group>"; };
		BFEE7CFF156AA7E80036A90D /* MSWBishopricCallingViewController.m */ = {isa = PBXFileReference; fileEncoding = 4; lastKnownFileType = sourcecode.c.objc; path = MSWBishopricCallingViewController.m; sourceTree = "<group>"; };
		BFEE7D01156AFE880036A90D /* shieldToolbar.png */ = {isa = PBXFileReference; lastKnownFileType = image.png; path = shieldToolbar.png; sourceTree = "<group>"; };
		BFF4F849155C679E009835AD /* MSWTempleExpSelectViewController.h */ = {isa = PBXFileReference; fileEncoding = 4; lastKnownFileType = sourcecode.c.h; path = MSWTempleExpSelectViewController.h; sourceTree = "<group>"; };
		BFF4F84A155C679E009835AD /* MSWTempleExpSelectViewController.m */ = {isa = PBXFileReference; fileEncoding = 4; lastKnownFileType = sourcecode.c.objc; path = MSWTempleExpSelectViewController.m; sourceTree = "<group>"; };
		BFF4F852155C7862009835AD /* MSWPreviousWardViewController.h */ = {isa = PBXFileReference; fileEncoding = 4; lastKnownFileType = sourcecode.c.h; path = MSWPreviousWardViewController.h; sourceTree = "<group>"; };
		BFF4F853155C7862009835AD /* MSWPreviousWardViewController.m */ = {isa = PBXFileReference; fileEncoding = 4; lastKnownFileType = sourcecode.c.objc; path = MSWPreviousWardViewController.m; sourceTree = "<group>"; };
		BFF4F858155C7F57009835AD /* MSWMissionInformationViewController.h */ = {isa = PBXFileReference; fileEncoding = 4; lastKnownFileType = sourcecode.c.h; path = MSWMissionInformationViewController.h; sourceTree = "<group>"; };
		BFF4F859155C7F57009835AD /* MSWMissionInformationViewController.m */ = {isa = PBXFileReference; fileEncoding = 4; lastKnownFileType = sourcecode.c.objc; path = MSWMissionInformationViewController.m; sourceTree = "<group>"; };
		BFF4F85C155C8FA4009835AD /* MSWYESMissionViewController.h */ = {isa = PBXFileReference; fileEncoding = 4; lastKnownFileType = sourcecode.c.h; path = MSWYESMissionViewController.h; sourceTree = "<group>"; };
		BFF4F85D155C8FA4009835AD /* MSWYESMissionViewController.m */ = {isa = PBXFileReference; fileEncoding = 4; lastKnownFileType = sourcecode.c.objc; path = MSWYESMissionViewController.m; sourceTree = "<group>"; };
		BFF4F85F155C8FB2009835AD /* MSWNOMissionViewController.h */ = {isa = PBXFileReference; fileEncoding = 4; lastKnownFileType = sourcecode.c.h; path = MSWNOMissionViewController.h; sourceTree = "<group>"; };
		BFF4F860155C8FB2009835AD /* MSWNOMissionViewController.m */ = {isa = PBXFileReference; fileEncoding = 4; lastKnownFileType = sourcecode.c.objc; path = MSWNOMissionViewController.m; sourceTree = "<group>"; };
		BFF4F862155C9BCC009835AD /* MSWPastCallingsViewController.h */ = {isa = PBXFileReference; fileEncoding = 4; lastKnownFileType = sourcecode.c.h; path = MSWPastCallingsViewController.h; sourceTree = "<group>"; };
		BFF4F863155C9BCC009835AD /* MSWPastCallingsViewController.m */ = {isa = PBXFileReference; fileEncoding = 4; lastKnownFileType = sourcecode.c.objc; path = MSWPastCallingsViewController.m; sourceTree = "<group>"; };
		BFF4F869155D7EC9009835AD /* MSWTimeInWardViewController.h */ = {isa = PBXFileReference; fileEncoding = 4; lastKnownFileType = sourcecode.c.h; path = MSWTimeInWardViewController.h; sourceTree = "<group>"; };
		BFF4F86A155D7EC9009835AD /* MSWTimeInWardViewController.m */ = {isa = PBXFileReference; fileEncoding = 4; lastKnownFileType = sourcecode.c.objc; path = MSWTimeInWardViewController.m; sourceTree = "<group>"; };
		BFF4F872155D8621009835AD /* MSWSchoolViewController.h */ = {isa = PBXFileReference; fileEncoding = 4; lastKnownFileType = sourcecode.c.h; path = MSWSchoolViewController.h; sourceTree = "<group>"; };
		BFF4F873155D8621009835AD /* MSWSchoolViewController.m */ = {isa = PBXFileReference; fileEncoding = 4; lastKnownFileType = sourcecode.c.objc; path = MSWSchoolViewController.m; sourceTree = "<group>"; };
		BFF4F875155D8FC5009835AD /* MSWReligionClassViewController.h */ = {isa = PBXFileReference; fileEncoding = 4; lastKnownFileType = sourcecode.c.h; path = MSWReligionClassViewController.h; sourceTree = "<group>"; };
		BFF4F876155D8FC5009835AD /* MSWReligionClassViewController.m */ = {isa = PBXFileReference; fileEncoding = 4; lastKnownFileType = sourcecode.c.objc; path = MSWReligionClassViewController.m; sourceTree = "<group>"; };
		BFF4F878155D94AA009835AD /* MSWEmploymentViewController.h */ = {isa = PBXFileReference; fileEncoding = 4; lastKnownFileType = sourcecode.c.h; path = MSWEmploymentViewController.h; sourceTree = "<group>"; };
		BFF4F879155D94AA009835AD /* MSWEmploymentViewController.m */ = {isa = PBXFileReference; fileEncoding = 4; lastKnownFileType = sourcecode.c.objc; path = MSWEmploymentViewController.m; sourceTree = "<group>"; };
		BFF4F87B155DA092009835AD /* MSWMusicViewController.h */ = {isa = PBXFileReference; fileEncoding = 4; lastKnownFileType = sourcecode.c.h; path = MSWMusicViewController.h; sourceTree = "<group>"; };
		BFF4F87C155DA092009835AD /* MSWMusicViewController.m */ = {isa = PBXFileReference; fileEncoding = 4; lastKnownFileType = sourcecode.c.objc; path = MSWMusicViewController.m; sourceTree = "<group>"; };
		BFF4F87E155DA4B8009835AD /* MSWTeachingViewController.h */ = {isa = PBXFileReference; fileEncoding = 4; lastKnownFileType = sourcecode.c.h; path = MSWTeachingViewController.h; sourceTree = "<group>"; };
		BFF4F87F155DA4B9009835AD /* MSWTeachingViewController.m */ = {isa = PBXFileReference; fileEncoding = 4; lastKnownFileType = sourcecode.c.objc; path = MSWTeachingViewController.m; sourceTree = "<group>"; };
		BFF4F884155DA975009835AD /* MSWCallingPreferenceViewController.h */ = {isa = PBXFileReference; fileEncoding = 4; lastKnownFileType = sourcecode.c.h; path = MSWCallingPreferenceViewController.h; sourceTree = "<group>"; };
		BFF4F885155DA975009835AD /* MSWCallingPreferenceViewController.m */ = {isa = PBXFileReference; fileEncoding = 4; lastKnownFileType = sourcecode.c.objc; path = MSWCallingPreferenceViewController.m; sourceTree = "<group>"; };
		BFF4F887155DABA8009835AD /* MSWWardActivityViewController.h */ = {isa = PBXFileReference; fileEncoding = 4; lastKnownFileType = sourcecode.c.h; path = MSWWardActivityViewController.h; sourceTree = "<group>"; };
		BFF4F888155DABA8009835AD /* MSWWardActivityViewController.m */ = {isa = PBXFileReference; fileEncoding = 4; lastKnownFileType = sourcecode.c.objc; path = MSWWardActivityViewController.m; sourceTree = "<group>"; };
		BFF4F88A155DABB9009835AD /* MSWInterestsViewController.h */ = {isa = PBXFileReference; fileEncoding = 4; lastKnownFileType = sourcecode.c.h; path = MSWInterestsViewController.h; sourceTree = "<group>"; };
		BFF4F88B155DABB9009835AD /* MSWInterestsViewController.m */ = {isa = PBXFileReference; fileEncoding = 4; lastKnownFileType = sourcecode.c.objc; path = MSWInterestsViewController.m; sourceTree = "<group>"; };
		BFF4F88D155DABD1009835AD /* MSWSelfDescriptionViewController.h */ = {isa = PBXFileReference; fileEncoding = 4; lastKnownFileType = sourcecode.c.h; path = MSWSelfDescriptionViewController.h; sourceTree = "<group>"; };
		BFF4F88E155DABD2009835AD /* MSWSelfDescriptionViewController.m */ = {isa = PBXFileReference; fileEncoding = 4; lastKnownFileType = sourcecode.c.objc; path = MSWSelfDescriptionViewController.m; sourceTree = "<group>"; };
		BFF6E861156CC77A002550FF /* MySinglesWard copy-Info.plist */ = {isa = PBXFileReference; lastKnownFileType = text.plist.xml; name = "MySinglesWard copy-Info.plist"; path = "/Volumes/Macintosh HD/Users/gatekeeper/Developer/mysinglesward/MySinglesWard copy-Info.plist"; sourceTree = "<absolute>"; };
/* End PBXFileReference section */

/* Begin PBXFrameworksBuildPhase section */
		BFEC555915488A1500E3E988 /* Frameworks */ = {
			isa = PBXFrameworksBuildPhase;
			buildActionMask = 2147483647;
			files = (
				BFBE6CDA1565AEED00E1776B /* MobileCoreServices.framework in Frameworks */,
				BFBE1F691550F1DE001ECDB5 /* MessageUI.framework in Frameworks */,
				BFDF9119154F387A004DB930 /* CoreData.framework in Frameworks */,
				BFEC556115488A1500E3E988 /* UIKit.framework in Frameworks */,
				BFEC556315488A1500E3E988 /* Foundation.framework in Frameworks */,
				BFEC556515488A1500E3E988 /* CoreGraphics.framework in Frameworks */,
			);
			runOnlyForDeploymentPostprocessing = 0;
		};
/* End PBXFrameworksBuildPhase section */

/* Begin PBXGroup section */
		BF01CC251554D0110045E09F /* Preferences */ = {
			isa = PBXGroup;
			children = (
				BF01CC221554D00B0045E09F /* MSWTXTViewController.h */,
				BF01CC231554D00B0045E09F /* MSWTXTViewController.m */,
				BF01CC1F1554CF1C0045E09F /* MSWNotificationViewController.h */,
				BF01CC201554CF1C0045E09F /* MSWNotificationViewController.m */,
				BF01CC19155488C50045E09F /* MSWPreferencesViewController.h */,
				BF01CC1A155488C50045E09F /* MSWPreferencesViewController.m */,
			);
			name = Preferences;
			sourceTree = "<group>";
		};
		BF070D4F155ADA0A00515833 /* Personal */ = {
			isa = PBXGroup;
			children = (
				BF1AB2321558D07F005547A2 /* MSWPersonalInformationViewController.h */,
				BF1AB2331558D07F005547A2 /* MSWPersonalInformationViewController.m */,
				BF1596941559B11C005DAA50 /* MSWPublishOptionsViewController.h */,
				BF1596951559B11C005DAA50 /* MSWPublishOptionsViewController.m */,
				BF070D45155A1AF700515833 /* MSWResidenceSelectViewController.h */,
				BF070D46155A1AF700515833 /* MSWResidenceSelectViewController.m */,
				BF070D49155A312300515833 /* MSWBirthdaySelectViewController.h */,
				BF070D4A155A312300515833 /* MSWBirthdaySelectViewController.m */,
				BF070D4C155A357A00515833 /* MSWPriesthoodSelectViewController.h */,
				BF070D4D155A357A00515833 /* MSWPriesthoodSelectViewController.m */,
			);
			name = Personal;
			sourceTree = "<group>";
		};
		BF0E98A9154F8DB9004E71A8 /* Managed Objects */ = {
			isa = PBXGroup;
			children = (
				BFBE6CDE1565F4FE00E1776B /* Photo.h */,
				BFBE6CDF1565F4FE00E1776B /* Photo.m */,
				BF8A04E11562F187004CD712 /* MemberSurvey.h */,
				BF8A04E21562F187004CD712 /* MemberSurvey.m */,
				BF01CC161554788F0045E09F /* Ward.h */,
				BF01CC171554788F0045E09F /* Ward.m */,
				BF01CC131554788F0045E09F /* NotificationPreference.h */,
				BF01CC141554788F0045E09F /* NotificationPreference.m */,
				BF01CC101554788F0045E09F /* Calling.h */,
				BF01CC111554788F0045E09F /* Calling.m */,
				BF01CC0A1554788F0045E09F /* BishopricData.h */,
				BF01CC0B1554788F0045E09F /* BishopricData.m */,
				BF01CC071554788E0045E09F /* User.h */,
				BF01CC081554788E0045E09F /* User.m */,
				BF0E98AA154F9171004E71A8 /* User+Create.h */,
				BF0E98AB154F9171004E71A8 /* User+Create.m */,
				BF7EEC511551E28000479B2E /* Calling+Create.h */,
				BF7EEC521551E28000479B2E /* Calling+Create.m */,
				BF7EEC4B1551DDBE00479B2E /* BishopricData+Create.h */,
				BF7EEC4C1551DDBE00479B2E /* BishopricData+Create.m */,
				BF0E98AD154F96D1004E71A8 /* Photo+Create.h */,
				BF0E98AE154F96D1004E71A8 /* Photo+Create.m */,
				BF0E98B6154F9EC7004E71A8 /* Ward+Create.h */,
				BF0E98B7154F9EC7004E71A8 /* Ward+Create.m */,
				BF0E98B9154FA272004E71A8 /* NotificationPreference+Create.h */,
				BF0E98BA154FA272004E71A8 /* NotificationPreference+Create.m */,
				BF0E98BC154FAB2A004E71A8 /* MemberSurvey+Create.h */,
				BF0E98BD154FAB2A004E71A8 /* MemberSurvey+Create.m */,
			);
			name = "Managed Objects";
			sourceTree = "<group>";
		};
		BF29A26215644AD8008C6DD6 /* Ward Selection */ = {
			isa = PBXGroup;
			children = (
				BF29A26715644B8E008C6DD6 /* MSWLocationSelectViewController.h */,
				BF29A26815644B8E008C6DD6 /* MSWLocationSelectViewController.m */,
				BF29A26A15644B98008C6DD6 /* MSWStakeSelectViewController.h */,
				BF29A26B15644B98008C6DD6 /* MSWStakeSelectViewController.m */,
				BF29A26D15644BA0008C6DD6 /* MSWWardSelectViewController.h */,
				BF29A26E15644BA0008C6DD6 /* MSWWardSelectViewController.m */,
				BF29A27015644BBC008C6DD6 /* MSWUnitSelectionViewController.h */,
				BF29A27115644BBC008C6DD6 /* MSWUnitSelectionViewController.m */,
			);
			name = "Ward Selection";
			sourceTree = "<group>";
		};
		BF49F1221558871400DF5C26 /* Survey */ = {
			isa = PBXGroup;
			children = (
				BFEE7CFA156AA76A0036A90D /* Bishopric */,
				BFF4F868155D7E9B009835AD /* Other */,
				BFF4F847155C6784009835AD /* Church */,
				BF070D4F155ADA0A00515833 /* Personal */,
				BF49F1241558874A00DF5C26 /* MSWSurveyViewController.h */,
				BF49F1251558874A00DF5C26 /* MSWSurveyViewController.m */,
			);
			name = Survey;
			sourceTree = "<group>";
		};
		BF6D853F154B8416009052EA /* Registration */ = {
			isa = PBXGroup;
			children = (
				BF6D8536154B83E8009052EA /* MSWMemberRegistrationViewController.h */,
				BF6D8537154B83E8009052EA /* MSWMemberRegistrationViewController.m */,
				BF6D8539154B8400009052EA /* MSWBishopricRegistrationViewController.h */,
				BF6D853A154B8400009052EA /* MSWBishopricRegistrationViewController.m */,
				BF6D853C154B840E009052EA /* MSWRegistrationViewController.h */,
				BF6D853D154B840F009052EA /* MSWRegistrationViewController.m */,
			);
			name = Registration;
			sourceTree = "<group>";
		};
		BFEC555115488A1500E3E988 = {
			isa = PBXGroup;
			children = (
				BFBE6CD91565AEED00E1776B /* MobileCoreServices.framework */,
				BFBE1F681550F1DE001ECDB5 /* MessageUI.framework */,
				BFDF9118154F387A004DB930 /* CoreData.framework */,
				BFEC55B215489EC500E3E988 /* Default-Landscape@2x~ipad.png */,
				BFEC55B015489EBF00E3E988 /* Default-Landscape~ipad.png */,
				BFEC55B415489ECB00E3E988 /* Default-Portrait@2x~ipad.png */,
				BFEC55B615489ED200E3E988 /* Default-Portrait~ipad.png */,
				BFEC55A6154899F400E3E988 /* Default.png */,
				BFEC55A4154899EC00E3E988 /* Default@2x.png */,
				BFEC559A154897EF00E3E988 /* ipad-icon-highres.png */,
				BFEC5598154897EB00E3E988 /* ipad-icon-lowres.png */,
				BFEC5596154897E100E3E988 /* iphone-icon-highres.png */,
				BFEC5594154897D900E3E988 /* iPhone-icon-lowres.png */,
				BFEC555F15488A1500E3E988 /* Frameworks */,
				BFEC556615488A1500E3E988 /* MySinglesWard */,
				BFEC555D15488A1500E3E988 /* Products */,
				BFEC558B154896FF00E3E988 /* Resources */,
				BFF6E861156CC77A002550FF /* MySinglesWard copy-Info.plist */,
			);
			sourceTree = "<group>";
		};
		BFEC555D15488A1500E3E988 /* Products */ = {
			isa = PBXGroup;
			children = (
				BFEC555C15488A1500E3E988 /* mysinglesward.app */,
			);
			name = Products;
			sourceTree = "<group>";
		};
		BFEC555F15488A1500E3E988 /* Frameworks */ = {
			isa = PBXGroup;
			children = (
				BFEC556015488A1500E3E988 /* UIKit.framework */,
				BFEC556215488A1500E3E988 /* Foundation.framework */,
				BFEC556415488A1500E3E988 /* CoreGraphics.framework */,
			);
			name = Frameworks;
			sourceTree = "<group>";
		};
		BFEC556615488A1500E3E988 /* MySinglesWard */ = {
			isa = PBXGroup;
			children = (
				BF29A26215644AD8008C6DD6 /* Ward Selection */,
				BF49F1221558871400DF5C26 /* Survey */,
				BF169B4A154F376D00EDA34D /* CoreDataTableViewController.h */,
				BF169B4B154F376D00EDA34D /* CoreDataTableViewController.m */,
				BF169B4E154F37A000EDA34D /* JSONRequest.h */,
				BF169B4F154F37A000EDA34D /* JSONRequest.m */,
				BFEC557515488A1600E3E988 /* MainStoryboard_iPad.storyboard */,
				BFEC557215488A1500E3E988 /* MainStoryboard_iPhone.storyboard */,
				BF0E98A9154F8DB9004E71A8 /* Managed Objects */,
				BFBE1F701550FAC1001ECDB5 /* MBProgressHUD.h */,
				BFBE1F711550FAC1001ECDB5 /* MBProgressHUD.m */,
				BFEC556F15488A1500E3E988 /* MSWAppDelegate.h */,
				BFEC557015488A1500E3E988 /* MSWAppDelegate.m */,
				BF7EEC1D1551D9B600479B2E /* MSWBishopricListViewController.h */,
				BF7EEC1E1551D9B600479B2E /* MSWBishopricListViewController.m */,
				BFEC55F21548B3DF00E3E988 /* MSWLoginTableViewController.h */,
				BFEC55F31548B3DF00E3E988 /* MSWLoginTableViewController.m */,
				BFBE1F611550E413001ECDB5 /* MSWMemberViewController.h */,
				BFBE1F621550E413001ECDB5 /* MSWMemberViewController.m */,
				BF4EE580154F3A3E00EC5F1C /* MSWModel.xcdatamodeld */,
				BF3E2FD115503A560027293D /* MSWProfileTableViewController.h */,
				BF3E2FD215503A560027293D /* MSWProfileTableViewController.m */,
				BF3E2FE0155054E10027293D /* MSWWardViewController.h */,
				BF3E2FE1155054E10027293D /* MSWWardViewController.m */,
				BF01CC251554D0110045E09F /* Preferences */,
				BF6D853F154B8416009052EA /* Registration */,
				BFEC556715488A1500E3E988 /* Supporting Files */,
			);
			path = MySinglesWard;
			sourceTree = "<group>";
		};
		BFEC556715488A1500E3E988 /* Supporting Files */ = {
			isa = PBXGroup;
			children = (
				BFEC556815488A1500E3E988 /* MySinglesWard-Info.plist */,
				BFEC556915488A1500E3E988 /* InfoPlist.strings */,
				BFEC556C15488A1500E3E988 /* main.m */,
				BFEC556E15488A1500E3E988 /* MySinglesWard-Prefix.pch */,
			);
			name = "Supporting Files";
			sourceTree = "<group>";
		};
		BFEC558B154896FF00E3E988 /* Resources */ = {
			isa = PBXGroup;
			children = (
				BFEE7D01156AFE880036A90D /* shieldToolbar.png */,
				BFEE7CF8156AA4110036A90D /* app_bg.png */,
				BFBE6CFD1566D2EC00E1776B /* wardlisticon.png */,
				BFBE6CFE1566D2EC00E1776B /* wardlisticon@2x.png */,
				BFBE6CF11566BB2100E1776B /* bishopricicon.png */,
				BFBE6CF21566BB2100E1776B /* bishopricicon@2x.png */,
				BFDDFE19155209640050C1EA /* mobile-Logo.png */,
				BFDDFE171552088F0050C1EA /* iphone-background.png */,
				BFEC56031548C68A00E3E988 /* button.png */,
				BFEC55FF1548BA8100E3E988 /* Title.png */,
				BFEC55F91548B91E00E3E988 /* Mobile.png */,
			);
			name = Resources;
			sourceTree = "<group>";
		};
		BFEE7CFA156AA76A0036A90D /* Bishopric */ = {
			isa = PBXGroup;
			children = (
				BFEE7CFB156AA79B0036A90D /* MSWBishopricDataViewController.h */,
				BFEE7CFC156AA79B0036A90D /* MSWBishopricDataViewController.m */,
				BFEE7CFE156AA7E80036A90D /* MSWBishopricCallingViewController.h */,
				BFEE7CFF156AA7E80036A90D /* MSWBishopricCallingViewController.m */,
			);
			name = Bishopric;
			sourceTree = "<group>";
		};
		BFF4F847155C6784009835AD /* Church */ = {
			isa = PBXGroup;
			children = (
				BFF4F85B155C8F90009835AD /* Mission */,
				BF1AB2361558D092005547A2 /* MSWChurchInformationViewController.h */,
				BF1AB2371558D092005547A2 /* MSWChurchInformationViewController.m */,
				BFF4F862155C9BCC009835AD /* MSWPastCallingsViewController.h */,
				BFF4F863155C9BCC009835AD /* MSWPastCallingsViewController.m */,
				BFF4F852155C7862009835AD /* MSWPreviousWardViewController.h */,
				BFF4F853155C7862009835AD /* MSWPreviousWardViewController.m */,
				BFF4F849155C679E009835AD /* MSWTempleExpSelectViewController.h */,
				BFF4F84A155C679E009835AD /* MSWTempleExpSelectViewController.m */,
			);
			name = Church;
			sourceTree = "<group>";
		};
		BFF4F85B155C8F90009835AD /* Mission */ = {
			isa = PBXGroup;
			children = (
				BFF4F858155C7F57009835AD /* MSWMissionInformationViewController.h */,
				BFF4F859155C7F57009835AD /* MSWMissionInformationViewController.m */,
				BFF4F85C155C8FA4009835AD /* MSWYESMissionViewController.h */,
				BFF4F85D155C8FA4009835AD /* MSWYESMissionViewController.m */,
				BFF4F85F155C8FB2009835AD /* MSWNOMissionViewController.h */,
				BFF4F860155C8FB2009835AD /* MSWNOMissionViewController.m */,
			);
			name = Mission;
			sourceTree = "<group>";
		};
		BFF4F868155D7E9B009835AD /* Other */ = {
			isa = PBXGroup;
			children = (
				BF1AB2391558D09F005547A2 /* MSWOtherInformationViewController.h */,
				BF1AB23A1558D09F005547A2 /* MSWOtherInformationViewController.m */,
				BFF4F869155D7EC9009835AD /* MSWTimeInWardViewController.h */,
				BFF4F86A155D7EC9009835AD /* MSWTimeInWardViewController.m */,
				BFF4F872155D8621009835AD /* MSWSchoolViewController.h */,
				BFF4F873155D8621009835AD /* MSWSchoolViewController.m */,
				BFF4F875155D8FC5009835AD /* MSWReligionClassViewController.h */,
				BFF4F876155D8FC5009835AD /* MSWReligionClassViewController.m */,
				BFF4F878155D94AA009835AD /* MSWEmploymentViewController.h */,
				BFF4F879155D94AA009835AD /* MSWEmploymentViewController.m */,
				BFF4F87B155DA092009835AD /* MSWMusicViewController.h */,
				BFF4F87C155DA092009835AD /* MSWMusicViewController.m */,
				BFF4F87E155DA4B8009835AD /* MSWTeachingViewController.h */,
				BFF4F87F155DA4B9009835AD /* MSWTeachingViewController.m */,
				BFF4F884155DA975009835AD /* MSWCallingPreferenceViewController.h */,
				BFF4F885155DA975009835AD /* MSWCallingPreferenceViewController.m */,
				BFF4F887155DABA8009835AD /* MSWWardActivityViewController.h */,
				BFF4F888155DABA8009835AD /* MSWWardActivityViewController.m */,
				BFF4F88A155DABB9009835AD /* MSWInterestsViewController.h */,
				BFF4F88B155DABB9009835AD /* MSWInterestsViewController.m */,
				BFF4F88D155DABD1009835AD /* MSWSelfDescriptionViewController.h */,
				BFF4F88E155DABD2009835AD /* MSWSelfDescriptionViewController.m */,
			);
			name = Other;
			sourceTree = "<group>";
		};
/* End PBXGroup section */

/* Begin PBXNativeTarget section */
		BFEC555B15488A1500E3E988 /* mysinglesward */ = {
			isa = PBXNativeTarget;
			buildConfigurationList = BFEC558815488A1600E3E988 /* Build configuration list for PBXNativeTarget "mysinglesward" */;
			buildPhases = (
				BFEC555815488A1500E3E988 /* Sources */,
				BFEC555915488A1500E3E988 /* Frameworks */,
				BFEC555A15488A1500E3E988 /* Resources */,
			);
			buildRules = (
			);
			dependencies = (
			);
			name = mysinglesward;
			productName = MySinglesWard;
			productReference = BFEC555C15488A1500E3E988 /* mysinglesward.app */;
			productType = "com.apple.product-type.application";
		};
/* End PBXNativeTarget section */

/* Begin PBXProject section */
		BFEC555315488A1500E3E988 /* Project object */ = {
			isa = PBXProject;
			attributes = {
				CLASSPREFIX = MSW;
				LastUpgradeCheck = 0430;
			};
			buildConfigurationList = BFEC555615488A1500E3E988 /* Build configuration list for PBXProject "MySinglesWard" */;
			compatibilityVersion = "Xcode 3.2";
			developmentRegion = English;
			hasScannedForEncodings = 0;
			knownRegions = (
				en,
			);
			mainGroup = BFEC555115488A1500E3E988;
			productRefGroup = BFEC555D15488A1500E3E988 /* Products */;
			projectDirPath = "";
			projectRoot = "";
			targets = (
				BFEC555B15488A1500E3E988 /* mysinglesward */,
			);
		};
/* End PBXProject section */

/* Begin PBXResourcesBuildPhase section */
		BFEC555A15488A1500E3E988 /* Resources */ = {
			isa = PBXResourcesBuildPhase;
			buildActionMask = 2147483647;
			files = (
				BFEC556B15488A1500E3E988 /* InfoPlist.strings in Resources */,
				BFEC557415488A1500E3E988 /* MainStoryboard_iPhone.storyboard in Resources */,
				BFEC557715488A1600E3E988 /* MainStoryboard_iPad.storyboard in Resources */,
				BFEC5595154897D900E3E988 /* iPhone-icon-lowres.png in Resources */,
				BFEC5597154897E100E3E988 /* iphone-icon-highres.png in Resources */,
				BFEC5599154897EB00E3E988 /* ipad-icon-lowres.png in Resources */,
				BFEC559B154897EF00E3E988 /* ipad-icon-highres.png in Resources */,
				BFEC55A5154899EC00E3E988 /* Default@2x.png in Resources */,
				BFEC55A7154899F400E3E988 /* Default.png in Resources */,
				BFEC55B115489EBF00E3E988 /* Default-Landscape~ipad.png in Resources */,
				BFEC55B315489EC500E3E988 /* Default-Landscape@2x~ipad.png in Resources */,
				BFEC55B515489ECB00E3E988 /* Default-Portrait@2x~ipad.png in Resources */,
				BFEC55B715489ED200E3E988 /* Default-Portrait~ipad.png in Resources */,
				BFEC55FA1548B91E00E3E988 /* Mobile.png in Resources */,
				BFEC56001548BA8100E3E988 /* Title.png in Resources */,
				BFEC56041548C68A00E3E988 /* button.png in Resources */,
				BFDDFE181552088F0050C1EA /* iphone-background.png in Resources */,
				BFDDFE1A155209650050C1EA /* mobile-Logo.png in Resources */,
				BFBE6CF31566BB2100E1776B /* bishopricicon.png in Resources */,
				BFBE6CF41566BB2100E1776B /* bishopricicon@2x.png in Resources */,
				BFBE6CFF1566D2EC00E1776B /* wardlisticon.png in Resources */,
				BFBE6D001566D2EC00E1776B /* wardlisticon@2x.png in Resources */,
				BFEE7CF9156AA4110036A90D /* app_bg.png in Resources */,
				BFEE7D02156AFE880036A90D /* shieldToolbar.png in Resources */,
			);
			runOnlyForDeploymentPostprocessing = 0;
		};
/* End PBXResourcesBuildPhase section */

/* Begin PBXSourcesBuildPhase section */
		BFEC555815488A1500E3E988 /* Sources */ = {
			isa = PBXSourcesBuildPhase;
			buildActionMask = 2147483647;
			files = (
				BFEC556D15488A1500E3E988 /* main.m in Sources */,
				BFEC557115488A1500E3E988 /* MSWAppDelegate.m in Sources */,
				BFEC55F41548B3DF00E3E988 /* MSWLoginTableViewController.m in Sources */,
				BF6D8538154B83E8009052EA /* MSWMemberRegistrationViewController.m in Sources */,
				BF6D853B154B8400009052EA /* MSWBishopricRegistrationViewController.m in Sources */,
				BF6D853E154B840F009052EA /* MSWRegistrationViewController.m in Sources */,
				BF169B4C154F376D00EDA34D /* CoreDataTableViewController.m in Sources */,
				BF169B50154F37A000EDA34D /* JSONRequest.m in Sources */,
				BF4EE582154F3A3E00EC5F1C /* MSWModel.xcdatamodeld in Sources */,
				BF0E98AC154F9171004E71A8 /* User+Create.m in Sources */,
				BF0E98AF154F96D1004E71A8 /* Photo+Create.m in Sources */,
				BF0E98B8154F9EC7004E71A8 /* Ward+Create.m in Sources */,
				BF0E98BB154FA272004E71A8 /* NotificationPreference+Create.m in Sources */,
				BF0E98BE154FAB2A004E71A8 /* MemberSurvey+Create.m in Sources */,
				BF3E2FD315503A560027293D /* MSWProfileTableViewController.m in Sources */,
				BF3E2FE2155054E10027293D /* MSWWardViewController.m in Sources */,
				BFBE1F631550E413001ECDB5 /* MSWMemberViewController.m in Sources */,
				BFBE1F721550FAC2001ECDB5 /* MBProgressHUD.m in Sources */,
				BF7EEC1F1551D9B600479B2E /* MSWBishopricListViewController.m in Sources */,
				BF7EEC4D1551DDBE00479B2E /* BishopricData+Create.m in Sources */,
				BF7EEC531551E28000479B2E /* Calling+Create.m in Sources */,
				BF01CC091554788F0045E09F /* User.m in Sources */,
				BF01CC0C1554788F0045E09F /* BishopricData.m in Sources */,
				BF01CC121554788F0045E09F /* Calling.m in Sources */,
				BF01CC151554788F0045E09F /* NotificationPreference.m in Sources */,
				BF01CC181554788F0045E09F /* Ward.m in Sources */,
				BF01CC1B155488C50045E09F /* MSWPreferencesViewController.m in Sources */,
				BF01CC211554CF1C0045E09F /* MSWNotificationViewController.m in Sources */,
				BF01CC241554D00B0045E09F /* MSWTXTViewController.m in Sources */,
				BF49F1261558874A00DF5C26 /* MSWSurveyViewController.m in Sources */,
				BF1AB2341558D07F005547A2 /* MSWPersonalInformationViewController.m in Sources */,
				BF1AB2381558D092005547A2 /* MSWChurchInformationViewController.m in Sources */,
				BF1AB23B1558D09F005547A2 /* MSWOtherInformationViewController.m in Sources */,
				BF1596961559B11C005DAA50 /* MSWPublishOptionsViewController.m in Sources */,
				BF070D47155A1AF700515833 /* MSWResidenceSelectViewController.m in Sources */,
				BF070D4B155A312300515833 /* MSWBirthdaySelectViewController.m in Sources */,
				BF070D4E155A357A00515833 /* MSWPriesthoodSelectViewController.m in Sources */,
				BFF4F84B155C679E009835AD /* MSWTempleExpSelectViewController.m in Sources */,
				BFF4F854155C7862009835AD /* MSWPreviousWardViewController.m in Sources */,
				BFF4F85A155C7F57009835AD /* MSWMissionInformationViewController.m in Sources */,
				BFF4F85E155C8FA4009835AD /* MSWYESMissionViewController.m in Sources */,
				BFF4F861155C8FB2009835AD /* MSWNOMissionViewController.m in Sources */,
				BFF4F864155C9BCD009835AD /* MSWPastCallingsViewController.m in Sources */,
				BFF4F86B155D7EC9009835AD /* MSWTimeInWardViewController.m in Sources */,
				BFF4F874155D8621009835AD /* MSWSchoolViewController.m in Sources */,
				BFF4F877155D8FC5009835AD /* MSWReligionClassViewController.m in Sources */,
				BFF4F87A155D94AA009835AD /* MSWEmploymentViewController.m in Sources */,
				BFF4F87D155DA092009835AD /* MSWMusicViewController.m in Sources */,
				BFF4F880155DA4B9009835AD /* MSWTeachingViewController.m in Sources */,
				BFF4F886155DA975009835AD /* MSWCallingPreferenceViewController.m in Sources */,
				BFF4F889155DABA9009835AD /* MSWWardActivityViewController.m in Sources */,
				BFF4F88C155DABBA009835AD /* MSWInterestsViewController.m in Sources */,
				BFF4F88F155DABD2009835AD /* MSWSelfDescriptionViewController.m in Sources */,
				BF8A04E31562F187004CD712 /* MemberSurvey.m in Sources */,
				BF29A26915644B8E008C6DD6 /* MSWLocationSelectViewController.m in Sources */,
				BF29A26C15644B98008C6DD6 /* MSWStakeSelectViewController.m in Sources */,
				BF29A26F15644BA0008C6DD6 /* MSWWardSelectViewController.m in Sources */,
				BF29A27215644BBC008C6DD6 /* MSWUnitSelectionViewController.m in Sources */,
				BFBE6CE01565F4FE00E1776B /* Photo.m in Sources */,
				BFEE7CFD156AA79B0036A90D /* MSWBishopricDataViewController.m in Sources */,
				BFEE7D00156AA7E80036A90D /* MSWBishopricCallingViewController.m in Sources */,
			);
			runOnlyForDeploymentPostprocessing = 0;
		};
/* End PBXSourcesBuildPhase section */

/* Begin PBXVariantGroup section */
		BFEC556915488A1500E3E988 /* InfoPlist.strings */ = {
			isa = PBXVariantGroup;
			children = (
				BFEC556A15488A1500E3E988 /* en */,
			);
			name = InfoPlist.strings;
			sourceTree = "<group>";
		};
		BFEC557215488A1500E3E988 /* MainStoryboard_iPhone.storyboard */ = {
			isa = PBXVariantGroup;
			children = (
				BFEC557315488A1500E3E988 /* en */,
			);
			name = MainStoryboard_iPhone.storyboard;
			sourceTree = "<group>";
		};
		BFEC557515488A1600E3E988 /* MainStoryboard_iPad.storyboard */ = {
			isa = PBXVariantGroup;
			children = (
				BFEC557615488A1600E3E988 /* en */,
			);
			name = MainStoryboard_iPad.storyboard;
			sourceTree = "<group>";
		};
/* End PBXVariantGroup section */

/* Begin XCBuildConfiguration section */
		BFEC558615488A1600E3E988 /* Debug */ = {
			isa = XCBuildConfiguration;
			buildSettings = {
				ALWAYS_SEARCH_USER_PATHS = NO;
				ARCHS = "$(ARCHS_STANDARD_32_BIT)";
				CLANG_ENABLE_OBJC_ARC = YES;
				"CODE_SIGN_IDENTITY[sdk=iphoneos*]" = "iPhone Developer";
				COPY_PHASE_STRIP = NO;
				GCC_C_LANGUAGE_STANDARD = gnu99;
				GCC_DYNAMIC_NO_PIC = NO;
				GCC_OPTIMIZATION_LEVEL = 0;
				GCC_PREPROCESSOR_DEFINITIONS = (
					"DEBUG=1",
					"$(inherited)",
				);
				GCC_SYMBOLS_PRIVATE_EXTERN = NO;
				GCC_VERSION = com.apple.compilers.llvm.clang.1_0;
				GCC_WARN_ABOUT_RETURN_TYPE = YES;
				GCC_WARN_UNINITIALIZED_AUTOS = YES;
				GCC_WARN_UNUSED_VARIABLE = YES;
				IPHONEOS_DEPLOYMENT_TARGET = 5.1;
				SDKROOT = iphoneos;
				TARGETED_DEVICE_FAMILY = "1,2";
			};
			name = Debug;
		};
		BFEC558715488A1600E3E988 /* Release */ = {
			isa = XCBuildConfiguration;
			buildSettings = {
				ALWAYS_SEARCH_USER_PATHS = NO;
				ARCHS = "$(ARCHS_STANDARD_32_BIT)";
				CLANG_ENABLE_OBJC_ARC = YES;
				"CODE_SIGN_IDENTITY[sdk=iphoneos*]" = "iPhone Developer";
				COPY_PHASE_STRIP = YES;
				GCC_C_LANGUAGE_STANDARD = gnu99;
				GCC_VERSION = com.apple.compilers.llvm.clang.1_0;
				GCC_WARN_ABOUT_RETURN_TYPE = YES;
				GCC_WARN_UNINITIALIZED_AUTOS = YES;
				GCC_WARN_UNUSED_VARIABLE = YES;
				IPHONEOS_DEPLOYMENT_TARGET = 5.1;
				OTHER_CFLAGS = "-DNS_BLOCK_ASSERTIONS=1";
				SDKROOT = iphoneos;
				TARGETED_DEVICE_FAMILY = "1,2";
				VALIDATE_PRODUCT = YES;
			};
			name = Release;
		};
		BFEC558915488A1600E3E988 /* Debug */ = {
			isa = XCBuildConfiguration;
			buildSettings = {
				GCC_PRECOMPILE_PREFIX_HEADER = YES;
				GCC_PREFIX_HEADER = "MySinglesWard/MySinglesWard-Prefix.pch";
				INFOPLIST_FILE = "MySinglesWard/MySinglesWard-Info.plist";
				IPHONEOS_DEPLOYMENT_TARGET = 5.0;
				PRODUCT_NAME = "$(TARGET_NAME)";
				TARGETED_DEVICE_FAMILY = 1;
				WRAPPER_EXTENSION = app;
			};
			name = Debug;
		};
		BFEC558A15488A1600E3E988 /* Release */ = {
			isa = XCBuildConfiguration;
			buildSettings = {
				GCC_PRECOMPILE_PREFIX_HEADER = YES;
				GCC_PREFIX_HEADER = "MySinglesWard/MySinglesWard-Prefix.pch";
				INFOPLIST_FILE = "MySinglesWard/MySinglesWard-Info.plist";
				IPHONEOS_DEPLOYMENT_TARGET = 5.0;
				PRODUCT_NAME = "$(TARGET_NAME)";
				TARGETED_DEVICE_FAMILY = 1;
				WRAPPER_EXTENSION = app;
			};
			name = Release;
		};
/* End XCBuildConfiguration section */

/* Begin XCConfigurationList section */
		BFEC555615488A1500E3E988 /* Build configuration list for PBXProject "MySinglesWard" */ = {
			isa = XCConfigurationList;
			buildConfigurations = (
				BFEC558615488A1600E3E988 /* Debug */,
				BFEC558715488A1600E3E988 /* Release */,
			);
			defaultConfigurationIsVisible = 0;
			defaultConfigurationName = Release;
		};
		BFEC558815488A1600E3E988 /* Build configuration list for PBXNativeTarget "mysinglesward" */ = {
			isa = XCConfigurationList;
			buildConfigurations = (
				BFEC558915488A1600E3E988 /* Debug */,
				BFEC558A15488A1600E3E988 /* Release */,
			);
			defaultConfigurationIsVisible = 0;
			defaultConfigurationName = Release;
		};
/* End XCConfigurationList section */

/* Begin XCVersionGroup section */
		BF4EE580154F3A3E00EC5F1C /* MSWModel.xcdatamodeld */ = {
			isa = XCVersionGroup;
			children = (
				BF4EE581154F3A3E00EC5F1C /* MSWModel.xcdatamodel */,
			);
			currentVersion = BF4EE581154F3A3E00EC5F1C /* MSWModel.xcdatamodel */;
			path = MSWModel.xcdatamodeld;
			sourceTree = "<group>";
			versionGroupType = wrapper.xcdatamodel;
		};
/* End XCVersionGroup section */
	};
	rootObject = BFEC555315488A1500E3E988 /* Project object */;
}
