// !$*UTF8*$!
{
	archiveVersion = 1;
	classes = {
	};
	objectVersion = 46;
	objects = {

/* Begin PBXBuildFile section */
		BF0AD68F15587B56008FF1B3 /* UIKit.framework in Frameworks */ = {isa = PBXBuildFile; fileRef = BF0AD68E15587B56008FF1B3 /* UIKit.framework */; };
		BF0AD69115587B56008FF1B3 /* Foundation.framework in Frameworks */ = {isa = PBXBuildFile; fileRef = BF0AD69015587B56008FF1B3 /* Foundation.framework */; };
		BF0AD69315587B56008FF1B3 /* CoreGraphics.framework in Frameworks */ = {isa = PBXBuildFile; fileRef = BF0AD69215587B56008FF1B3 /* CoreGraphics.framework */; };
		BF0AD69915587B56008FF1B3 /* InfoPlist.strings in Resources */ = {isa = PBXBuildFile; fileRef = BF0AD69715587B56008FF1B3 /* InfoPlist.strings */; };
		BF0AD69B15587B56008FF1B3 /* main.m in Sources */ = {isa = PBXBuildFile; fileRef = BF0AD69A15587B56008FF1B3 /* main.m */; };
		BF0AD69F15587B56008FF1B3 /* MSWAppDelegate.m in Sources */ = {isa = PBXBuildFile; fileRef = BF0AD69E15587B56008FF1B3 /* MSWAppDelegate.m */; };
		BF0AD6A215587B56008FF1B3 /* MainStoryboard_iPhone.storyboard in Resources */ = {isa = PBXBuildFile; fileRef = BF0AD6A015587B56008FF1B3 /* MainStoryboard_iPhone.storyboard */; };
		BF0AD6A515587B56008FF1B3 /* MainStoryboard_iPad.storyboard in Resources */ = {isa = PBXBuildFile; fileRef = BF0AD6A315587B56008FF1B3 /* MainStoryboard_iPad.storyboard */; };
		BF0AD6A815587B56008FF1B3 /* MSWViewController.m in Sources */ = {isa = PBXBuildFile; fileRef = BF0AD6A715587B56008FF1B3 /* MSWViewController.m */; };
/* End PBXBuildFile section */

/* Begin PBXFileReference section */
		BF0AD68A15587B56008FF1B3 /* test.app */ = {isa = PBXFileReference; explicitFileType = wrapper.application; includeInIndex = 0; path = test.app; sourceTree = BUILT_PRODUCTS_DIR; };
		BF0AD68E15587B56008FF1B3 /* UIKit.framework */ = {isa = PBXFileReference; lastKnownFileType = wrapper.framework; name = UIKit.framework; path = System/Library/Frameworks/UIKit.framework; sourceTree = SDKROOT; };
		BF0AD69015587B56008FF1B3 /* Foundation.framework */ = {isa = PBXFileReference; lastKnownFileType = wrapper.framework; name = Foundation.framework; path = System/Library/Frameworks/Foundation.framework; sourceTree = SDKROOT; };
		BF0AD69215587B56008FF1B3 /* CoreGraphics.framework */ = {isa = PBXFileReference; lastKnownFileType = wrapper.framework; name = CoreGraphics.framework; path = System/Library/Frameworks/CoreGraphics.framework; sourceTree = SDKROOT; };
		BF0AD69615587B56008FF1B3 /* test-Info.plist */ = {isa = PBXFileReference; lastKnownFileType = text.plist.xml; path = "test-Info.plist"; sourceTree = "<group>"; };
		BF0AD69815587B56008FF1B3 /* en */ = {isa = PBXFileReference; lastKnownFileType = text.plist.strings; name = en; path = en.lproj/InfoPlist.strings; sourceTree = "<group>"; };
		BF0AD69A15587B56008FF1B3 /* main.m */ = {isa = PBXFileReference; lastKnownFileType = sourcecode.c.objc; path = main.m; sourceTree = "<group>"; };
		BF0AD69C15587B56008FF1B3 /* test-Prefix.pch */ = {isa = PBXFileReference; lastKnownFileType = sourcecode.c.h; path = "test-Prefix.pch"; sourceTree = "<group>"; };
		BF0AD69D15587B56008FF1B3 /* MSWAppDelegate.h */ = {isa = PBXFileReference; lastKnownFileType = sourcecode.c.h; path = MSWAppDelegate.h; sourceTree = "<group>"; };
		BF0AD69E15587B56008FF1B3 /* MSWAppDelegate.m */ = {isa = PBXFileReference; lastKnownFileType = sourcecode.c.objc; path = MSWAppDelegate.m; sourceTree = "<group>"; };
		BF0AD6A115587B56008FF1B3 /* en */ = {isa = PBXFileReference; lastKnownFileType = file.storyboard; name = en; path = en.lproj/MainStoryboard_iPhone.storyboard; sourceTree = "<group>"; };
		BF0AD6A415587B56008FF1B3 /* en */ = {isa = PBXFileReference; lastKnownFileType = file.storyboard; name = en; path = en.lproj/MainStoryboard_iPad.storyboard; sourceTree = "<group>"; };
		BF0AD6A615587B56008FF1B3 /* MSWViewController.h */ = {isa = PBXFileReference; lastKnownFileType = sourcecode.c.h; path = MSWViewController.h; sourceTree = "<group>"; };
		BF0AD6A715587B56008FF1B3 /* MSWViewController.m */ = {isa = PBXFileReference; lastKnownFileType = sourcecode.c.objc; path = MSWViewController.m; sourceTree = "<group>"; };
/* End PBXFileReference section */

/* Begin PBXFrameworksBuildPhase section */
		BF0AD68715587B56008FF1B3 /* Frameworks */ = {
			isa = PBXFrameworksBuildPhase;
			buildActionMask = 2147483647;
			files = (
				BF0AD68F15587B56008FF1B3 /* UIKit.framework in Frameworks */,
				BF0AD69115587B56008FF1B3 /* Foundation.framework in Frameworks */,
				BF0AD69315587B56008FF1B3 /* CoreGraphics.framework in Frameworks */,
			);
			runOnlyForDeploymentPostprocessing = 0;
		};
/* End PBXFrameworksBuildPhase section */

/* Begin PBXGroup section */
		BF0AD67F15587B56008FF1B3 = {
			isa = PBXGroup;
			children = (
				BF0AD69415587B56008FF1B3 /* test */,
				BF0AD68D15587B56008FF1B3 /* Frameworks */,
				BF0AD68B15587B56008FF1B3 /* Products */,
			);
			sourceTree = "<group>";
		};
		BF0AD68B15587B56008FF1B3 /* Products */ = {
			isa = PBXGroup;
			children = (
				BF0AD68A15587B56008FF1B3 /* test.app */,
			);
			name = Products;
			sourceTree = "<group>";
		};
		BF0AD68D15587B56008FF1B3 /* Frameworks */ = {
			isa = PBXGroup;
			children = (
				BF0AD68E15587B56008FF1B3 /* UIKit.framework */,
				BF0AD69015587B56008FF1B3 /* Foundation.framework */,
				BF0AD69215587B56008FF1B3 /* CoreGraphics.framework */,
			);
			name = Frameworks;
			sourceTree = "<group>";
		};
		BF0AD69415587B56008FF1B3 /* test */ = {
			isa = PBXGroup;
			children = (
				BF0AD69D15587B56008FF1B3 /* MSWAppDelegate.h */,
				BF0AD69E15587B56008FF1B3 /* MSWAppDelegate.m */,
				BF0AD6A015587B56008FF1B3 /* MainStoryboard_iPhone.storyboard */,
				BF0AD6A315587B56008FF1B3 /* MainStoryboard_iPad.storyboard */,
				BF0AD6A615587B56008FF1B3 /* MSWViewController.h */,
				BF0AD6A715587B56008FF1B3 /* MSWViewController.m */,
				BF0AD69515587B56008FF1B3 /* Supporting Files */,
			);
			path = test;
			sourceTree = "<group>";
		};
		BF0AD69515587B56008FF1B3 /* Supporting Files */ = {
			isa = PBXGroup;
			children = (
				BF0AD69615587B56008FF1B3 /* test-Info.plist */,
				BF0AD69715587B56008FF1B3 /* InfoPlist.strings */,
				BF0AD69A15587B56008FF1B3 /* main.m */,
				BF0AD69C15587B56008FF1B3 /* test-Prefix.pch */,
			);
			name = "Supporting Files";
			sourceTree = "<group>";
		};
/* End PBXGroup section */

/* Begin PBXNativeTarget section */
		BF0AD68915587B56008FF1B3 /* test */ = {
			isa = PBXNativeTarget;
			buildConfigurationList = BF0AD6AB15587B56008FF1B3 /* Build configuration list for PBXNativeTarget "test" */;
			buildPhases = (
				BF0AD68615587B56008FF1B3 /* Sources */,
				BF0AD68715587B56008FF1B3 /* Frameworks */,
				BF0AD68815587B56008FF1B3 /* Resources */,
			);
			buildRules = (
			);
			dependencies = (
			);
			name = test;
			productName = test;
			productReference = BF0AD68A15587B56008FF1B3 /* test.app */;
			productType = "com.apple.product-type.application";
		};
/* End PBXNativeTarget section */

/* Begin PBXProject section */
		BF0AD68115587B56008FF1B3 /* Project object */ = {
			isa = PBXProject;
			attributes = {
				CLASSPREFIX = MSW;
				LastUpgradeCheck = 0430;
			};
			buildConfigurationList = BF0AD68415587B56008FF1B3 /* Build configuration list for PBXProject "test" */;
			compatibilityVersion = "Xcode 3.2";
			developmentRegion = English;
			hasScannedForEncodings = 0;
			knownRegions = (
				en,
			);
			mainGroup = BF0AD67F15587B56008FF1B3;
			productRefGroup = BF0AD68B15587B56008FF1B3 /* Products */;
			projectDirPath = "";
			projectRoot = "";
			targets = (
				BF0AD68915587B56008FF1B3 /* test */,
			);
		};
/* End PBXProject section */

/* Begin PBXResourcesBuildPhase section */
		BF0AD68815587B56008FF1B3 /* Resources */ = {
			isa = PBXResourcesBuildPhase;
			buildActionMask = 2147483647;
			files = (
				BF0AD69915587B56008FF1B3 /* InfoPlist.strings in Resources */,
				BF0AD6A215587B56008FF1B3 /* MainStoryboard_iPhone.storyboard in Resources */,
				BF0AD6A515587B56008FF1B3 /* MainStoryboard_iPad.storyboard in Resources */,
			);
			runOnlyForDeploymentPostprocessing = 0;
		};
/* End PBXResourcesBuildPhase section */

/* Begin PBXSourcesBuildPhase section */
		BF0AD68615587B56008FF1B3 /* Sources */ = {
			isa = PBXSourcesBuildPhase;
			buildActionMask = 2147483647;
			files = (
				BF0AD69B15587B56008FF1B3 /* main.m in Sources */,
				BF0AD69F15587B56008FF1B3 /* MSWAppDelegate.m in Sources */,
				BF0AD6A815587B56008FF1B3 /* MSWViewController.m in Sources */,
			);
			runOnlyForDeploymentPostprocessing = 0;
		};
/* End PBXSourcesBuildPhase section */

/* Begin PBXVariantGroup section */
		BF0AD69715587B56008FF1B3 /* InfoPlist.strings */ = {
			isa = PBXVariantGroup;
			children = (
				BF0AD69815587B56008FF1B3 /* en */,
			);
			name = InfoPlist.strings;
			sourceTree = "<group>";
		};
		BF0AD6A015587B56008FF1B3 /* MainStoryboard_iPhone.storyboard */ = {
			isa = PBXVariantGroup;
			children = (
				BF0AD6A115587B56008FF1B3 /* en */,
			);
			name = MainStoryboard_iPhone.storyboard;
			sourceTree = "<group>";
		};
		BF0AD6A315587B56008FF1B3 /* MainStoryboard_iPad.storyboard */ = {
			isa = PBXVariantGroup;
			children = (
				BF0AD6A415587B56008FF1B3 /* en */,
			);
			name = MainStoryboard_iPad.storyboard;
			sourceTree = "<group>";
		};
/* End PBXVariantGroup section */

/* Begin XCBuildConfiguration section */
		BF0AD6A915587B56008FF1B3 /* Debug */ = {
			isa = XCBuildConfiguration;
			buildSettings = {
				ALWAYS_SEARCH_USER_PATHS = NO;
				ARCHS = "$(ARCHS_STANDARD_32_BIT)";
				CLANG_ENABLE_OBJC_ARC = YES;
				"CODE_SIGN_IDENTITY[sdk=iphoneos*]" = "iPhone Developer";
				COPY_PHASE_STRIP = NO;
				GCC_C_LANGUAGE_STANDARD = gnu99;
				GCC_DYNAMIC_NO_PIC = NO;
				GCC_OPTIMIZATION_LEVEL = 0;
				GCC_PREPROCESSOR_DEFINITIONS = (
					"DEBUG=1",
					"$(inherited)",
				);
				GCC_SYMBOLS_PRIVATE_EXTERN = NO;
				GCC_VERSION = com.apple.compilers.llvm.clang.1_0;
				GCC_WARN_ABOUT_RETURN_TYPE = YES;
				GCC_WARN_UNINITIALIZED_AUTOS = YES;
				GCC_WARN_UNUSED_VARIABLE = YES;
				IPHONEOS_DEPLOYMENT_TARGET = 5.1;
				SDKROOT = iphoneos;
				TARGETED_DEVICE_FAMILY = "1,2";
			};
			name = Debug;
		};
		BF0AD6AA15587B56008FF1B3 /* Release */ = {
			isa = XCBuildConfiguration;
			buildSettings = {
				ALWAYS_SEARCH_USER_PATHS = NO;
				ARCHS = "$(ARCHS_STANDARD_32_BIT)";
				CLANG_ENABLE_OBJC_ARC = YES;
				"CODE_SIGN_IDENTITY[sdk=iphoneos*]" = "iPhone Developer";
				COPY_PHASE_STRIP = YES;
				GCC_C_LANGUAGE_STANDARD = gnu99;
				GCC_VERSION = com.apple.compilers.llvm.clang.1_0;
				GCC_WARN_ABOUT_RETURN_TYPE = YES;
				GCC_WARN_UNINITIALIZED_AUTOS = YES;
				GCC_WARN_UNUSED_VARIABLE = YES;
				IPHONEOS_DEPLOYMENT_TARGET = 5.1;
				OTHER_CFLAGS = "-DNS_BLOCK_ASSERTIONS=1";
				SDKROOT = iphoneos;
				TARGETED_DEVICE_FAMILY = "1,2";
				VALIDATE_PRODUCT = YES;
			};
			name = Release;
		};
		BF0AD6AC15587B56008FF1B3 /* Debug */ = {
			isa = XCBuildConfiguration;
			buildSettings = {
				GCC_PRECOMPILE_PREFIX_HEADER = YES;
				GCC_PREFIX_HEADER = "test/test-Prefix.pch";
				INFOPLIST_FILE = "test/test-Info.plist";
				PRODUCT_NAME = "$(TARGET_NAME)";
				WRAPPER_EXTENSION = app;
			};
			name = Debug;
		};
		BF0AD6AD15587B56008FF1B3 /* Release */ = {
			isa = XCBuildConfiguration;
			buildSettings = {
				GCC_PRECOMPILE_PREFIX_HEADER = YES;
				GCC_PREFIX_HEADER = "test/test-Prefix.pch";
				INFOPLIST_FILE = "test/test-Info.plist";
				PRODUCT_NAME = "$(TARGET_NAME)";
				WRAPPER_EXTENSION = app;
			};
			name = Release;
		};
/* End XCBuildConfiguration section */

/* Begin XCConfigurationList section */
		BF0AD68415587B56008FF1B3 /* Build configuration list for PBXProject "test" */ = {
			isa = XCConfigurationList;
			buildConfigurations = (
				BF0AD6A915587B56008FF1B3 /* Debug */,
				BF0AD6AA15587B56008FF1B3 /* Release */,
			);
			defaultConfigurationIsVisible = 0;
			defaultConfigurationName = Release;
		};
		BF0AD6AB15587B56008FF1B3 /* Build configuration list for PBXNativeTarget "test" */ = {
			isa = XCConfigurationList;
			buildConfigurations = (
				BF0AD6AC15587B56008FF1B3 /* Debug */,
				BF0AD6AD15587B56008FF1B3 /* Release */,
			);
			defaultConfigurationIsVisible = 0;
		};
/* End XCConfigurationList section */
	};
	rootObject = BF0AD68115587B56008FF1B3 /* Project object */;
}
